<Solution>
  <Folder Name="/backend/src/">
    <Project Path="backend/src/Bootstrapper/SalekhPos.Api/SalekhPos.Api.csproj" />
    <Project Path="backend/src/Bootstrapper/SalekhPos.Admin/SalekhPos.Admin.csproj" />
    <Project Path="backend/src/Modules/SystemAdministration/SalekhPos.SystemAdministration.Domain/SalekhPos.SystemAdministration.Domain.csproj" />
    <Project Path="backend/src/Modules/SystemAdministration/SalekhPos.SystemAdministration.Contracts/SalekhPos.SystemAdministration.Contracts.csproj" />
    <Project Path="backend/src/Modules/SystemAdministration/SalekhPos.SystemAdministration.Application/SalekhPos.SystemAdministration.Application.csproj" />
    <Project Path="backend/src/Modules/SystemAdministration/SalekhPos.SystemAdministration.Infrastructure/SalekhPos.SystemAdministration.Infrastructure.csproj" />
    <Project Path="backend/src/Modules/SystemAdministration/SalekhPos.SystemAdministration.Api/SalekhPos.SystemAdministration.Api.csproj" />
    <Project Path="backend/src/BuildingBlocks/SalekhPos.SharedKernel/SalekhPos.SharedKernel.csproj" />
    <Project Path="backend/src/Modules/Access/SalekhPos.Access.csproj" />
    <Project Path="backend/src/Modules/Identity/SalekhPos.Identity.csproj" />
    <Project Path="backend/src/Modules/Organizations/SalekhPos.Organizations.csproj" />
  </Folder>
  <Folder Name="/backend/tests/">
    <Project Path="backend/tests/SalekhPos.IntegrationTests/SalekhPos.IntegrationTests.csproj" />
    <Project Path="backend/tests/SalekhPos.Tests/SalekhPos.Tests.csproj" />
  </Folder>
</Solution>
