<Solution>
  <Folder Name="/backend/src/">
    <Project Path="backend/src/Bootstrapper/SalekhPos.Api/SalekhPos.Api.csproj" />
    <Project Path="backend/src/BuildingBlocks/SalekhPos.SharedKernel/SalekhPos.SharedKernel.csproj" />
    <Project Path="backend/src/Modules/Access/SalekhPos.Access.csproj" />
    <Project Path="backend/src/Modules/Identity/SalekhPos.Identity.csproj" />
    <Project Path="backend/src/Modules/Organizations/SalekhPos.Organizations.csproj" />
  </Folder>
  <Folder Name="/backend/tests/">
    <Project Path="backend/tests/SalekhPos.IntegrationTests/SalekhPos.IntegrationTests.csproj" />
    <Project Path="backend/tests/SalekhPos.Tests/SalekhPos.Tests.csproj" />
  </Folder>
</Solution>
