
Microsoft Visual Studio Solution File, Format Version 12.00
# Visual Studio Version 17
VisualStudioVersion = 17.0.31903.59
MinimumVisualStudioVersion = 10.0.40219.1
Project("{2150E333-8FDC-42A3-9474-1A3956D46DE8}") = "backend", "backend", "{1AE8ACA6-933B-BF2A-3671-3E2EAC007D16}"
EndProject
Project("{2150E333-8FDC-42A3-9474-1A3956D46DE8}") = "src", "src", "{0F9113EE-888A-26D2-68B0-4A7D0A2A8745}"
EndProject
Project("{2150E333-8FDC-42A3-9474-1A3956D46DE8}") = "Bootstrapper", "Bootstrapper", "{D30272F1-C8F5-6B29-B190-D35B9A9F58FA}"
EndProject
Project("{FAE04EC0-301F-11D3-BF4B-00C04F79EFBC}") = "SalekhPos.Api", "backend\src\Bootstrapper\SalekhPos.Api\SalekhPos.Api.csproj", "{7F849684-EA6A-480C-B94A-4E678C9649EA}"
EndProject
Project("{2150E333-8FDC-42A3-9474-1A3956D46DE8}") = "Modules", "Modules", "{E67A9407-3F77-8E1E-44C0-D60C1E808A95}"
EndProject
Project("{2150E333-8FDC-42A3-9474-1A3956D46DE8}") = "Identity", "Identity", "{E7ACF62A-4792-2521-47ED-6ECBF18731BB}"
EndProject
Project("{FAE04EC0-301F-11D3-BF4B-00C04F79EFBC}") = "SalekhPos.Identity.Api", "backend\src\Modules\Identity\SalekhPos.Identity.Api\SalekhPos.Identity.Api.csproj", "{39ABFCF5-A0E2-4E27-8DBB-DA625F2305C8}"
EndProject
Project("{FAE04EC0-301F-11D3-BF4B-00C04F79EFBC}") = "SalekhPos.Identity.Application", "backend\src\Modules\Identity\SalekhPos.Identity.Application\SalekhPos.Identity.Application.csproj", "{F723D682-E263-433F-A5D8-ECBFF47AD5F5}"
EndProject
Project("{2150E333-8FDC-42A3-9474-1A3956D46DE8}") = "BuildingBlocks", "BuildingBlocks", "{3518C6FE-7C6C-C575-CC03-E8DAA010DCAF}"
EndProject
Project("{FAE04EC0-301F-11D3-BF4B-00C04F79EFBC}") = "SalekhPos.SharedKernel", "backend\src\BuildingBlocks\SalekhPos.SharedKernel\SalekhPos.SharedKernel.csproj", "{A80D1D24-297C-4BB8-B484-DE6DDD309EE4}"
EndProject
Project("{2150E333-8FDC-42A3-9474-1A3956D46DE8}") = "Authorization", "Authorization", "{84CC3080-FB26-5600-5F41-1424F4105BE1}"
EndProject
Project("{FAE04EC0-301F-11D3-BF4B-00C04F79EFBC}") = "SalekhPos.Authorization.Infrastructure", "backend\src\Modules\Authorization\SalekhPos.Authorization.Infrastructure\SalekhPos.Authorization.Infrastructure.csproj", "{ED0618A2-DB9C-4A4D-96BB-29E24D2B69CD}"
EndProject
Project("{FAE04EC0-301F-11D3-BF4B-00C04F79EFBC}") = "SalekhPos.Authorization.Application", "backend\src\Modules\Authorization\SalekhPos.Authorization.Application\SalekhPos.Authorization.Application.csproj", "{90C72064-7148-4461-9568-156DAAAA6049}"
EndProject
Project("{FAE04EC0-301F-11D3-BF4B-00C04F79EFBC}") = "SalekhPos.Identity.Infrastructure", "backend\src\Modules\Identity\SalekhPos.Identity.Infrastructure\SalekhPos.Identity.Infrastructure.csproj", "{90FD5871-EFE5-4283-A4B2-61626ABDEBDD}"
EndProject
Project("{2150E333-8FDC-42A3-9474-1A3956D46DE8}") = "SystemAdministration", "SystemAdministration", "{7E51B173-877F-2E15-619D-E86B90CD0882}"
EndProject
Project("{FAE04EC0-301F-11D3-BF4B-00C04F79EFBC}") = "SalekhPos.SystemAdministration.Api", "backend\src\Modules\SystemAdministration\SalekhPos.SystemAdministration.Api\SalekhPos.SystemAdministration.Api.csproj", "{5A38529C-2E81-49D8-9EB3-1A02762C7271}"
EndProject
Project("{FAE04EC0-301F-11D3-BF4B-00C04F79EFBC}") = "SalekhPos.SystemAdministration.Application", "backend\src\Modules\SystemAdministration\SalekhPos.SystemAdministration.Application\SalekhPos.SystemAdministration.Application.csproj", "{C096AD05-D629-4BDB-8272-F17BB1AB30CC}"
EndProject
Project("{FAE04EC0-301F-11D3-BF4B-00C04F79EFBC}") = "SalekhPos.SystemAdministration.Domain", "backend\src\Modules\SystemAdministration\SalekhPos.SystemAdministration.Domain\SalekhPos.SystemAdministration.Domain.csproj", "{5F3370BF-3657-4269-9EBA-92B2F443302B}"
EndProject
Project("{FAE04EC0-301F-11D3-BF4B-00C04F79EFBC}") = "SalekhPos.SystemAdministration.Contracts", "backend\src\Modules\SystemAdministration\SalekhPos.SystemAdministration.Contracts\SalekhPos.SystemAdministration.Contracts.csproj", "{8B54C20F-1290-4505-BE82-4F0A1A711C04}"
EndProject
Project("{FAE04EC0-301F-11D3-BF4B-00C04F79EFBC}") = "SalekhPos.SystemAdministration.Infrastructure", "backend\src\Modules\SystemAdministration\SalekhPos.SystemAdministration.Infrastructure\SalekhPos.SystemAdministration.Infrastructure.csproj", "{0B240886-2AE6-4310-A742-5F2033A7E59D}"
EndProject
Project("{2150E333-8FDC-42A3-9474-1A3956D46DE8}") = "Organizations", "Organizations", "{6114E9E3-3137-9E08-04A6-846B275F41D3}"
EndProject
Project("{FAE04EC0-301F-11D3-BF4B-00C04F79EFBC}") = "SalekhPos.Organizations.Domain", "backend\src\Modules\Organizations\SalekhPos.Organizations.Domain\SalekhPos.Organizations.Domain.csproj", "{26F31968-41A4-489A-A781-7470C72BF898}"
EndProject
Project("{2150E333-8FDC-42A3-9474-1A3956D46DE8}") = "tests", "tests", "{F57642F3-C37C-D174-720E-6A6AAD5BEE22}"
EndProject
Project("{2150E333-8FDC-42A3-9474-1A3956D46DE8}") = "Integration", "Integration", "{0A89FECB-1AB1-6485-1AA0-DCD8388D976F}"
EndProject
Project("{FAE04EC0-301F-11D3-BF4B-00C04F79EFBC}") = "SalekhPos.IntegrationTests", "backend\tests\Integration\SalekhPos.IntegrationTests.csproj", "{E3DAF50D-6D24-434C-93DF-BFE75224934E}"
EndProject
Project("{2150E333-8FDC-42A3-9474-1A3956D46DE8}") = "Unit", "Unit", "{53BC5D6F-2E23-E2BC-B668-7B04856F88A1}"
EndProject
Project("{FAE04EC0-301F-11D3-BF4B-00C04F79EFBC}") = "SalekhPos.Tests", "backend\tests\Unit\SalekhPos.Tests.csproj", "{6800FE1A-06DF-4EA1-854A-06818544BEBC}"
EndProject
Project("{2150E333-8FDC-42A3-9474-1A3956D46DE8}") = "tools", "tools", "{07C2787E-EAC7-C090-1BA3-A61EC2A24D84}"
EndProject
Project("{2150E333-8FDC-42A3-9474-1A3956D46DE8}") = "cli", "cli", "{C8A1BA8F-C707-E767-5989-C0E1CF0A04C7}"
EndProject
Project("{FAE04EC0-301F-11D3-BF4B-00C04F79EFBC}") = "SalekhPos.Cli", "tools\cli\SalekhPos.Cli\SalekhPos.Cli.csproj", "{6968BF3B-438D-4DB6-AAED-C65EE416FA65}"
EndProject
Project("{2150E333-8FDC-42A3-9474-1A3956D46DE8}") = "Catalog", "Catalog", "{1F64284D-71C1-5136-FC8D-55B8F453A2F8}"
EndProject
Project("{FAE04EC0-301F-11D3-BF4B-00C04F79EFBC}") = "SalekhPos.Catalog.Domain", "backend\src\Modules\Catalog\SalekhPos.Catalog.Domain\SalekhPos.Catalog.Domain.csproj", "{6126A928-A39B-4D17-9C71-93836843E507}"
EndProject
Project("{FAE04EC0-301F-11D3-BF4B-00C04F79EFBC}") = "SalekhPos.Catalog.Contracts", "backend\src\Modules\Catalog\SalekhPos.Catalog.Contracts\SalekhPos.Catalog.Contracts.csproj", "{CBB662CD-2AF7-44B8-8267-8546E1460EBC}"
EndProject
Project("{FAE04EC0-301F-11D3-BF4B-00C04F79EFBC}") = "SalekhPos.Catalog.Application", "backend\src\Modules\Catalog\SalekhPos.Catalog.Application\SalekhPos.Catalog.Application.csproj", "{E10D392E-0ACB-4B6A-809E-60B359966291}"
EndProject
Project("{FAE04EC0-301F-11D3-BF4B-00C04F79EFBC}") = "SalekhPos.Catalog.Infrastructure", "backend\src\Modules\Catalog\SalekhPos.Catalog.Infrastructure\SalekhPos.Catalog.Infrastructure.csproj", "{1A3D36DC-CAB9-413E-986E-3553BF686957}"
EndProject
Project("{FAE04EC0-301F-11D3-BF4B-00C04F79EFBC}") = "SalekhPos.Catalog.Api", "backend\src\Modules\Catalog\SalekhPos.Catalog.Api\SalekhPos.Catalog.Api.csproj", "{FB580AC2-04E2-4FDC-A2DD-29142E8ED0AC}"
EndProject
Project("{2150E333-8FDC-42A3-9474-1A3956D46DE8}") = "Inventory", "Inventory", "{8E78592F-17E6-EC34-BD13-C210CA5924AF}"
EndProject
Project("{FAE04EC0-301F-11D3-BF4B-00C04F79EFBC}") = "SalekhPos.Inventory.Domain", "backend\src\Modules\Inventory\SalekhPos.Inventory.Domain\SalekhPos.Inventory.Domain.csproj", "{E3DFBC4D-9FFB-404A-B3DF-FCF4A143DA9C}"
EndProject
Project("{FAE04EC0-301F-11D3-BF4B-00C04F79EFBC}") = "SalekhPos.Inventory.Contracts", "backend\src\Modules\Inventory\SalekhPos.Inventory.Contracts\SalekhPos.Inventory.Contracts.csproj", "{BBA295BC-F9E2-4B4E-88C7-D311A10BA229}"
EndProject
Project("{FAE04EC0-301F-11D3-BF4B-00C04F79EFBC}") = "SalekhPos.Inventory.Application", "backend\src\Modules\Inventory\SalekhPos.Inventory.Application\SalekhPos.Inventory.Application.csproj", "{D8EC3E67-2B64-4FB6-97FD-C07D217AA9AA}"
EndProject
Project("{FAE04EC0-301F-11D3-BF4B-00C04F79EFBC}") = "SalekhPos.Inventory.Infrastructure", "backend\src\Modules\Inventory\SalekhPos.Inventory.Infrastructure\SalekhPos.Inventory.Infrastructure.csproj", "{6A66AD96-3579-4CA2-A13C-7C807F4A738E}"
EndProject
Project("{FAE04EC0-301F-11D3-BF4B-00C04F79EFBC}") = "SalekhPos.Inventory.Api", "backend\src\Modules\Inventory\SalekhPos.Inventory.Api\SalekhPos.Inventory.Api.csproj", "{372DEC61-0149-4AB2-8989-4D7CB25C4AB5}"
EndProject
Project("{2150E333-8FDC-42A3-9474-1A3956D46DE8}") = "Pricing", "Pricing", "{45DB968B-7B36-8B46-8860-BB08E57FC8D6}"
EndProject
Project("{FAE04EC0-301F-11D3-BF4B-00C04F79EFBC}") = "SalekhPos.Pricing.Domain", "backend\src\Modules\Pricing\SalekhPos.Pricing.Domain\SalekhPos.Pricing.Domain.csproj", "{CD2F2A7B-AA25-46C3-8F24-9E91AE10E138}"
EndProject
Project("{FAE04EC0-301F-11D3-BF4B-00C04F79EFBC}") = "SalekhPos.Pricing.Contracts", "backend\src\Modules\Pricing\SalekhPos.Pricing.Contracts\SalekhPos.Pricing.Contracts.csproj", "{B822D19D-CE6C-4C2E-A212-85C4AD831FB6}"
EndProject
Project("{FAE04EC0-301F-11D3-BF4B-00C04F79EFBC}") = "SalekhPos.Pricing.Application", "backend\src\Modules\Pricing\SalekhPos.Pricing.Application\SalekhPos.Pricing.Application.csproj", "{38C1B4E5-D376-4310-BFCA-84C6AD1B10A6}"
EndProject
Project("{FAE04EC0-301F-11D3-BF4B-00C04F79EFBC}") = "SalekhPos.Pricing.Infrastructure", "backend\src\Modules\Pricing\SalekhPos.Pricing.Infrastructure\SalekhPos.Pricing.Infrastructure.csproj", "{C2E241C9-35DC-40CA-B591-24691720E687}"
EndProject
Project("{FAE04EC0-301F-11D3-BF4B-00C04F79EFBC}") = "SalekhPos.Pricing.Api", "backend\src\Modules\Pricing\SalekhPos.Pricing.Api\SalekhPos.Pricing.Api.csproj", "{CDC1F58D-B70F-4855-843D-0ABE4B7D8F1B}"
EndProject
Project("{2150E333-8FDC-42A3-9474-1A3956D46DE8}") = "Sales", "Sales", "{D71B5E22-EFA9-8FF5-6199-163038E34AD7}"
EndProject
Project("{FAE04EC0-301F-11D3-BF4B-00C04F79EFBC}") = "SalekhPos.Sales.Domain", "backend\src\Modules\Sales\SalekhPos.Sales.Domain\SalekhPos.Sales.Domain.csproj", "{6127B493-3BFD-428E-8666-6DB71691882B}"
EndProject
Project("{FAE04EC0-301F-11D3-BF4B-00C04F79EFBC}") = "SalekhPos.Sales.Contracts", "backend\src\Modules\Sales\SalekhPos.Sales.Contracts\SalekhPos.Sales.Contracts.csproj", "{75350CD1-A6BE-4BC4-A883-82585AC38462}"
EndProject
Project("{FAE04EC0-301F-11D3-BF4B-00C04F79EFBC}") = "SalekhPos.Sales.Application", "backend\src\Modules\Sales\SalekhPos.Sales.Application\SalekhPos.Sales.Application.csproj", "{016C3E1D-6299-401B-94D7-A797BC9546E6}"
EndProject
Project("{FAE04EC0-301F-11D3-BF4B-00C04F79EFBC}") = "SalekhPos.Sales.Infrastructure", "backend\src\Modules\Sales\SalekhPos.Sales.Infrastructure\SalekhPos.Sales.Infrastructure.csproj", "{2E60322D-31BA-4371-82A1-5761D19B05C8}"
EndProject
Project("{FAE04EC0-301F-11D3-BF4B-00C04F79EFBC}") = "SalekhPos.Sales.Api", "backend\src\Modules\Sales\SalekhPos.Sales.Api\SalekhPos.Sales.Api.csproj", "{1805DBA8-6495-414F-96A3-11290FAF7549}"
EndProject
Project("{2150E333-8FDC-42A3-9474-1A3956D46DE8}") = "Payments", "Payments", "{F2892F7D-49D2-0969-2635-C4CE9CCFB03E}"
EndProject
Project("{FAE04EC0-301F-11D3-BF4B-00C04F79EFBC}") = "SalekhPos.Payments.Domain", "backend\src\Modules\Payments\SalekhPos.Payments.Domain\SalekhPos.Payments.Domain.csproj", "{77A5ADBD-09E4-4E3A-86FF-37E7609B81B1}"
EndProject
Project("{FAE04EC0-301F-11D3-BF4B-00C04F79EFBC}") = "SalekhPos.Payments.Contracts", "backend\src\Modules\Payments\SalekhPos.Payments.Contracts\SalekhPos.Payments.Contracts.csproj", "{AACB6F54-92B3-4A7F-BF21-DEDA60BFDDC8}"
EndProject
Project("{FAE04EC0-301F-11D3-BF4B-00C04F79EFBC}") = "SalekhPos.Payments.Application", "backend\src\Modules\Payments\SalekhPos.Payments.Application\SalekhPos.Payments.Application.csproj", "{A5116E74-B60E-4524-8884-7A2A3F175A1F}"
EndProject
Project("{FAE04EC0-301F-11D3-BF4B-00C04F79EFBC}") = "SalekhPos.Payments.Infrastructure", "backend\src\Modules\Payments\SalekhPos.Payments.Infrastructure\SalekhPos.Payments.Infrastructure.csproj", "{2AFF901A-D636-481E-B151-6D0DAA312247}"
EndProject
Project("{FAE04EC0-301F-11D3-BF4B-00C04F79EFBC}") = "SalekhPos.Payments.Api", "backend\src\Modules\Payments\SalekhPos.Payments.Api\SalekhPos.Payments.Api.csproj", "{FBA93457-3BAB-4836-89FF-76994A3DA397}"
EndProject
Project("{2150E333-8FDC-42A3-9474-1A3956D46DE8}") = "Returns", "Returns", "{F71EEB91-1E89-A998-3BB1-297A0232CE63}"
EndProject
Project("{FAE04EC0-301F-11D3-BF4B-00C04F79EFBC}") = "SalekhPos.Returns.Domain", "backend\src\Modules\Returns\SalekhPos.Returns.Domain\SalekhPos.Returns.Domain.csproj", "{AB221288-2214-4A45-96EE-009D921F5F5B}"
EndProject
Project("{FAE04EC0-301F-11D3-BF4B-00C04F79EFBC}") = "SalekhPos.Returns.Contracts", "backend\src\Modules\Returns\SalekhPos.Returns.Contracts\SalekhPos.Returns.Contracts.csproj", "{9A39FED2-1541-498A-A801-F8F152D748B3}"
EndProject
Project("{FAE04EC0-301F-11D3-BF4B-00C04F79EFBC}") = "SalekhPos.Returns.Application", "backend\src\Modules\Returns\SalekhPos.Returns.Application\SalekhPos.Returns.Application.csproj", "{B115F24F-7253-438D-90F5-E6C7E25A044C}"
EndProject
Project("{FAE04EC0-301F-11D3-BF4B-00C04F79EFBC}") = "SalekhPos.Returns.Infrastructure", "backend\src\Modules\Returns\SalekhPos.Returns.Infrastructure\SalekhPos.Returns.Infrastructure.csproj", "{BC3E52F2-099A-4A62-9E39-E89BAAAD8BC7}"
EndProject
Project("{FAE04EC0-301F-11D3-BF4B-00C04F79EFBC}") = "SalekhPos.Returns.Api", "backend\src\Modules\Returns\SalekhPos.Returns.Api\SalekhPos.Returns.Api.csproj", "{53E882B8-7F39-4C00-9F41-DDB013DBDFA5}"
EndProject
Project("{2150E333-8FDC-42A3-9474-1A3956D46DE8}") = "Stores", "Stores", "{B1BBC141-63AF-1B9E-110E-2C0BA4104AB5}"
EndProject
Project("{FAE04EC0-301F-11D3-BF4B-00C04F79EFBC}") = "SalekhPos.Stores.Domain", "backend\src\Modules\Stores\SalekhPos.Stores.Domain\SalekhPos.Stores.Domain.csproj", "{93A1C8C7-2707-4437-AF17-FE0A266A86A8}"
EndProject
Project("{FAE04EC0-301F-11D3-BF4B-00C04F79EFBC}") = "SalekhPos.Stores.Contracts", "backend\src\Modules\Stores\SalekhPos.Stores.Contracts\SalekhPos.Stores.Contracts.csproj", "{1FB1C2B0-39FD-4BE5-A0D0-09E6D60DA327}"
EndProject
Project("{FAE04EC0-301F-11D3-BF4B-00C04F79EFBC}") = "SalekhPos.Stores.Application", "backend\src\Modules\Stores\SalekhPos.Stores.Application\SalekhPos.Stores.Application.csproj", "{FCB8E59C-7A2C-4255-9CA2-AA0EF3946ED4}"
EndProject
Project("{FAE04EC0-301F-11D3-BF4B-00C04F79EFBC}") = "SalekhPos.Stores.Infrastructure", "backend\src\Modules\Stores\SalekhPos.Stores.Infrastructure\SalekhPos.Stores.Infrastructure.csproj", "{E48A5112-D5AF-449C-ADE8-0DCACF760DA0}"
EndProject
Project("{FAE04EC0-301F-11D3-BF4B-00C04F79EFBC}") = "SalekhPos.Stores.Api", "backend\src\Modules\Stores\SalekhPos.Stores.Api\SalekhPos.Stores.Api.csproj", "{09B6E60D-CACE-4F48-9AD0-E5A218C4E7AA}"
EndProject
Project("{2150E333-8FDC-42A3-9474-1A3956D46DE8}") = "ShiftManagement", "ShiftManagement", "{74823849-1511-22F7-07F7-94176703F1D0}"
EndProject
Project("{FAE04EC0-301F-11D3-BF4B-00C04F79EFBC}") = "SalekhPos.ShiftManagement.Domain", "backend\src\Modules\ShiftManagement\SalekhPos.ShiftManagement.Domain\SalekhPos.ShiftManagement.Domain.csproj", "{4DB07E82-9936-499E-B2AA-BA3DC0BBAEB2}"
EndProject
Project("{FAE04EC0-301F-11D3-BF4B-00C04F79EFBC}") = "SalekhPos.ShiftManagement.Contracts", "backend\src\Modules\ShiftManagement\SalekhPos.ShiftManagement.Contracts\SalekhPos.ShiftManagement.Contracts.csproj", "{74D64532-F970-48D2-84FF-ABAC27597021}"
EndProject
Project("{FAE04EC0-301F-11D3-BF4B-00C04F79EFBC}") = "SalekhPos.ShiftManagement.Application", "backend\src\Modules\ShiftManagement\SalekhPos.ShiftManagement.Application\SalekhPos.ShiftManagement.Application.csproj", "{0E021801-84E6-43D7-A018-4A055C7BB8AE}"
EndProject
Project("{FAE04EC0-301F-11D3-BF4B-00C04F79EFBC}") = "SalekhPos.ShiftManagement.Infrastructure", "backend\src\Modules\ShiftManagement\SalekhPos.ShiftManagement.Infrastructure\SalekhPos.ShiftManagement.Infrastructure.csproj", "{9C411282-34C0-4630-9B65-DD44F77029A0}"
EndProject
Project("{FAE04EC0-301F-11D3-BF4B-00C04F79EFBC}") = "SalekhPos.ShiftManagement.Api", "backend\src\Modules\ShiftManagement\SalekhPos.ShiftManagement.Api\SalekhPos.ShiftManagement.Api.csproj", "{4C254695-5B23-424B-AD89-C80FD7E863BD}"
EndProject
Global
	GlobalSection(SolutionConfigurationPlatforms) = preSolution
		Debug|Any CPU = Debug|Any CPU
		Debug|x64 = Debug|x64
		Debug|x86 = Debug|x86
		Release|Any CPU = Release|Any CPU
		Release|x64 = Release|x64
		Release|x86 = Release|x86
	EndGlobalSection
	GlobalSection(ProjectConfigurationPlatforms) = postSolution
		{7F849684-EA6A-480C-B94A-4E678C9649EA}.Debug|Any CPU.ActiveCfg = Debug|Any CPU
		{7F849684-EA6A-480C-B94A-4E678C9649EA}.Debug|Any CPU.Build.0 = Debug|Any CPU
		{7F849684-EA6A-480C-B94A-4E678C9649EA}.Debug|x64.ActiveCfg = Debug|Any CPU
		{7F849684-EA6A-480C-B94A-4E678C9649EA}.Debug|x64.Build.0 = Debug|Any CPU
		{7F849684-EA6A-480C-B94A-4E678C9649EA}.Debug|x86.ActiveCfg = Debug|Any CPU
		{7F849684-EA6A-480C-B94A-4E678C9649EA}.Debug|x86.Build.0 = Debug|Any CPU
		{7F849684-EA6A-480C-B94A-4E678C9649EA}.Release|Any CPU.ActiveCfg = Release|Any CPU
		{7F849684-EA6A-480C-B94A-4E678C9649EA}.Release|Any CPU.Build.0 = Release|Any CPU
		{7F849684-EA6A-480C-B94A-4E678C9649EA}.Release|x64.ActiveCfg = Release|Any CPU
		{7F849684-EA6A-480C-B94A-4E678C9649EA}.Release|x64.Build.0 = Release|Any CPU
		{7F849684-EA6A-480C-B94A-4E678C9649EA}.Release|x86.ActiveCfg = Release|Any CPU
		{7F849684-EA6A-480C-B94A-4E678C9649EA}.Release|x86.Build.0 = Release|Any CPU
		{39ABFCF5-A0E2-4E27-8DBB-DA625F2305C8}.Debug|Any CPU.ActiveCfg = Debug|Any CPU
		{39ABFCF5-A0E2-4E27-8DBB-DA625F2305C8}.Debug|Any CPU.Build.0 = Debug|Any CPU
		{39ABFCF5-A0E2-4E27-8DBB-DA625F2305C8}.Debug|x64.ActiveCfg = Debug|Any CPU
		{39ABFCF5-A0E2-4E27-8DBB-DA625F2305C8}.Debug|x64.Build.0 = Debug|Any CPU
		{39ABFCF5-A0E2-4E27-8DBB-DA625F2305C8}.Debug|x86.ActiveCfg = Debug|Any CPU
		{39ABFCF5-A0E2-4E27-8DBB-DA625F2305C8}.Debug|x86.Build.0 = Debug|Any CPU
		{39ABFCF5-A0E2-4E27-8DBB-DA625F2305C8}.Release|Any CPU.ActiveCfg = Release|Any CPU
		{39ABFCF5-A0E2-4E27-8DBB-DA625F2305C8}.Release|Any CPU.Build.0 = Release|Any CPU
		{39ABFCF5-A0E2-4E27-8DBB-DA625F2305C8}.Release|x64.ActiveCfg = Release|Any CPU
		{39ABFCF5-A0E2-4E27-8DBB-DA625F2305C8}.Release|x64.Build.0 = Release|Any CPU
		{39ABFCF5-A0E2-4E27-8DBB-DA625F2305C8}.Release|x86.ActiveCfg = Release|Any CPU
		{39ABFCF5-A0E2-4E27-8DBB-DA625F2305C8}.Release|x86.Build.0 = Release|Any CPU
		{F723D682-E263-433F-A5D8-ECBFF47AD5F5}.Debug|Any CPU.ActiveCfg = Debug|Any CPU
		{F723D682-E263-433F-A5D8-ECBFF47AD5F5}.Debug|Any CPU.Build.0 = Debug|Any CPU
		{F723D682-E263-433F-A5D8-ECBFF47AD5F5}.Debug|x64.ActiveCfg = Debug|Any CPU
		{F723D682-E263-433F-A5D8-ECBFF47AD5F5}.Debug|x64.Build.0 = Debug|Any CPU
		{F723D682-E263-433F-A5D8-ECBFF47AD5F5}.Debug|x86.ActiveCfg = Debug|Any CPU
		{F723D682-E263-433F-A5D8-ECBFF47AD5F5}.Debug|x86.Build.0 = Debug|Any CPU
		{F723D682-E263-433F-A5D8-ECBFF47AD5F5}.Release|Any CPU.ActiveCfg = Release|Any CPU
		{F723D682-E263-433F-A5D8-ECBFF47AD5F5}.Release|Any CPU.Build.0 = Release|Any CPU
		{F723D682-E263-433F-A5D8-ECBFF47AD5F5}.Release|x64.ActiveCfg = Release|Any CPU
		{F723D682-E263-433F-A5D8-ECBFF47AD5F5}.Release|x64.Build.0 = Release|Any CPU
		{F723D682-E263-433F-A5D8-ECBFF47AD5F5}.Release|x86.ActiveCfg = Release|Any CPU
		{F723D682-E263-433F-A5D8-ECBFF47AD5F5}.Release|x86.Build.0 = Release|Any CPU
		{A80D1D24-297C-4BB8-B484-DE6DDD309EE4}.Debug|Any CPU.ActiveCfg = Debug|Any CPU
		{A80D1D24-297C-4BB8-B484-DE6DDD309EE4}.Debug|Any CPU.Build.0 = Debug|Any CPU
		{A80D1D24-297C-4BB8-B484-DE6DDD309EE4}.Debug|x64.ActiveCfg = Debug|Any CPU
		{A80D1D24-297C-4BB8-B484-DE6DDD309EE4}.Debug|x64.Build.0 = Debug|Any CPU
		{A80D1D24-297C-4BB8-B484-DE6DDD309EE4}.Debug|x86.ActiveCfg = Debug|Any CPU
		{A80D1D24-297C-4BB8-B484-DE6DDD309EE4}.Debug|x86.Build.0 = Debug|Any CPU
		{A80D1D24-297C-4BB8-B484-DE6DDD309EE4}.Release|Any CPU.ActiveCfg = Release|Any CPU
		{A80D1D24-297C-4BB8-B484-DE6DDD309EE4}.Release|Any CPU.Build.0 = Release|Any CPU
		{A80D1D24-297C-4BB8-B484-DE6DDD309EE4}.Release|x64.ActiveCfg = Release|Any CPU
		{A80D1D24-297C-4BB8-B484-DE6DDD309EE4}.Release|x64.Build.0 = Release|Any CPU
		{A80D1D24-297C-4BB8-B484-DE6DDD309EE4}.Release|x86.ActiveCfg = Release|Any CPU
		{A80D1D24-297C-4BB8-B484-DE6DDD309EE4}.Release|x86.Build.0 = Release|Any CPU
		{ED0618A2-DB9C-4A4D-96BB-29E24D2B69CD}.Debug|Any CPU.ActiveCfg = Debug|Any CPU
		{ED0618A2-DB9C-4A4D-96BB-29E24D2B69CD}.Debug|Any CPU.Build.0 = Debug|Any CPU
		{ED0618A2-DB9C-4A4D-96BB-29E24D2B69CD}.Debug|x64.ActiveCfg = Debug|Any CPU
		{ED0618A2-DB9C-4A4D-96BB-29E24D2B69CD}.Debug|x64.Build.0 = Debug|Any CPU
		{ED0618A2-DB9C-4A4D-96BB-29E24D2B69CD}.Debug|x86.ActiveCfg = Debug|Any CPU
		{ED0618A2-DB9C-4A4D-96BB-29E24D2B69CD}.Debug|x86.Build.0 = Debug|Any CPU
		{ED0618A2-DB9C-4A4D-96BB-29E24D2B69CD}.Release|Any CPU.ActiveCfg = Release|Any CPU
		{ED0618A2-DB9C-4A4D-96BB-29E24D2B69CD}.Release|Any CPU.Build.0 = Release|Any CPU
		{ED0618A2-DB9C-4A4D-96BB-29E24D2B69CD}.Release|x64.ActiveCfg = Release|Any CPU
		{ED0618A2-DB9C-4A4D-96BB-29E24D2B69CD}.Release|x64.Build.0 = Release|Any CPU
		{ED0618A2-DB9C-4A4D-96BB-29E24D2B69CD}.Release|x86.ActiveCfg = Release|Any CPU
		{ED0618A2-DB9C-4A4D-96BB-29E24D2B69CD}.Release|x86.Build.0 = Release|Any CPU
		{90C72064-7148-4461-9568-156DAAAA6049}.Debug|Any CPU.ActiveCfg = Debug|Any CPU
		{90C72064-7148-4461-9568-156DAAAA6049}.Debug|Any CPU.Build.0 = Debug|Any CPU
		{90C72064-7148-4461-9568-156DAAAA6049}.Debug|x64.ActiveCfg = Debug|Any CPU
		{90C72064-7148-4461-9568-156DAAAA6049}.Debug|x64.Build.0 = Debug|Any CPU
		{90C72064-7148-4461-9568-156DAAAA6049}.Debug|x86.ActiveCfg = Debug|Any CPU
		{90C72064-7148-4461-9568-156DAAAA6049}.Debug|x86.Build.0 = Debug|Any CPU
		{90C72064-7148-4461-9568-156DAAAA6049}.Release|Any CPU.ActiveCfg = Release|Any CPU
		{90C72064-7148-4461-9568-156DAAAA6049}.Release|Any CPU.Build.0 = Release|Any CPU
		{90C72064-7148-4461-9568-156DAAAA6049}.Release|x64.ActiveCfg = Release|Any CPU
		{90C72064-7148-4461-9568-156DAAAA6049}.Release|x64.Build.0 = Release|Any CPU
		{90C72064-7148-4461-9568-156DAAAA6049}.Release|x86.ActiveCfg = Release|Any CPU
		{90C72064-7148-4461-9568-156DAAAA6049}.Release|x86.Build.0 = Release|Any CPU
		{90FD5871-EFE5-4283-A4B2-61626ABDEBDD}.Debug|Any CPU.ActiveCfg = Debug|Any CPU
		{90FD5871-EFE5-4283-A4B2-61626ABDEBDD}.Debug|Any CPU.Build.0 = Debug|Any CPU
		{90FD5871-EFE5-4283-A4B2-61626ABDEBDD}.Debug|x64.ActiveCfg = Debug|Any CPU
		{90FD5871-EFE5-4283-A4B2-61626ABDEBDD}.Debug|x64.Build.0 = Debug|Any CPU
		{90FD5871-EFE5-4283-A4B2-61626ABDEBDD}.Debug|x86.ActiveCfg = Debug|Any CPU
		{90FD5871-EFE5-4283-A4B2-61626ABDEBDD}.Debug|x86.Build.0 = Debug|Any CPU
		{90FD5871-EFE5-4283-A4B2-61626ABDEBDD}.Release|Any CPU.ActiveCfg = Release|Any CPU
		{90FD5871-EFE5-4283-A4B2-61626ABDEBDD}.Release|Any CPU.Build.0 = Release|Any CPU
		{90FD5871-EFE5-4283-A4B2-61626ABDEBDD}.Release|x64.ActiveCfg = Release|Any CPU
		{90FD5871-EFE5-4283-A4B2-61626ABDEBDD}.Release|x64.Build.0 = Release|Any CPU
		{90FD5871-EFE5-4283-A4B2-61626ABDEBDD}.Release|x86.ActiveCfg = Release|Any CPU
		{90FD5871-EFE5-4283-A4B2-61626ABDEBDD}.Release|x86.Build.0 = Release|Any CPU
		{5A38529C-2E81-49D8-9EB3-1A02762C7271}.Debug|Any CPU.ActiveCfg = Debug|Any CPU
		{5A38529C-2E81-49D8-9EB3-1A02762C7271}.Debug|Any CPU.Build.0 = Debug|Any CPU
		{5A38529C-2E81-49D8-9EB3-1A02762C7271}.Debug|x64.ActiveCfg = Debug|Any CPU
		{5A38529C-2E81-49D8-9EB3-1A02762C7271}.Debug|x64.Build.0 = Debug|Any CPU
		{5A38529C-2E81-49D8-9EB3-1A02762C7271}.Debug|x86.ActiveCfg = Debug|Any CPU
		{5A38529C-2E81-49D8-9EB3-1A02762C7271}.Debug|x86.Build.0 = Debug|Any CPU
		{5A38529C-2E81-49D8-9EB3-1A02762C7271}.Release|Any CPU.ActiveCfg = Release|Any CPU
		{5A38529C-2E81-49D8-9EB3-1A02762C7271}.Release|Any CPU.Build.0 = Release|Any CPU
		{5A38529C-2E81-49D8-9EB3-1A02762C7271}.Release|x64.ActiveCfg = Release|Any CPU
		{5A38529C-2E81-49D8-9EB3-1A02762C7271}.Release|x64.Build.0 = Release|Any CPU
		{5A38529C-2E81-49D8-9EB3-1A02762C7271}.Release|x86.ActiveCfg = Release|Any CPU
		{5A38529C-2E81-49D8-9EB3-1A02762C7271}.Release|x86.Build.0 = Release|Any CPU
		{C096AD05-D629-4BDB-8272-F17BB1AB30CC}.Debug|Any CPU.ActiveCfg = Debug|Any CPU
		{C096AD05-D629-4BDB-8272-F17BB1AB30CC}.Debug|Any CPU.Build.0 = Debug|Any CPU
		{C096AD05-D629-4BDB-8272-F17BB1AB30CC}.Debug|x64.ActiveCfg = Debug|Any CPU
		{C096AD05-D629-4BDB-8272-F17BB1AB30CC}.Debug|x64.Build.0 = Debug|Any CPU
		{C096AD05-D629-4BDB-8272-F17BB1AB30CC}.Debug|x86.ActiveCfg = Debug|Any CPU
		{C096AD05-D629-4BDB-8272-F17BB1AB30CC}.Debug|x86.Build.0 = Debug|Any CPU
		{C096AD05-D629-4BDB-8272-F17BB1AB30CC}.Release|Any CPU.ActiveCfg = Release|Any CPU
		{C096AD05-D629-4BDB-8272-F17BB1AB30CC}.Release|Any CPU.Build.0 = Release|Any CPU
		{C096AD05-D629-4BDB-8272-F17BB1AB30CC}.Release|x64.ActiveCfg = Release|Any CPU
		{C096AD05-D629-4BDB-8272-F17BB1AB30CC}.Release|x64.Build.0 = Release|Any CPU
		{C096AD05-D629-4BDB-8272-F17BB1AB30CC}.Release|x86.ActiveCfg = Release|Any CPU
		{C096AD05-D629-4BDB-8272-F17BB1AB30CC}.Release|x86.Build.0 = Release|Any CPU
		{5F3370BF-3657-4269-9EBA-92B2F443302B}.Debug|Any CPU.ActiveCfg = Debug|Any CPU
		{5F3370BF-3657-4269-9EBA-92B2F443302B}.Debug|Any CPU.Build.0 = Debug|Any CPU
		{5F3370BF-3657-4269-9EBA-92B2F443302B}.Debug|x64.ActiveCfg = Debug|Any CPU
		{5F3370BF-3657-4269-9EBA-92B2F443302B}.Debug|x64.Build.0 = Debug|Any CPU
		{5F3370BF-3657-4269-9EBA-92B2F443302B}.Debug|x86.ActiveCfg = Debug|Any CPU
		{5F3370BF-3657-4269-9EBA-92B2F443302B}.Debug|x86.Build.0 = Debug|Any CPU
		{5F3370BF-3657-4269-9EBA-92B2F443302B}.Release|Any CPU.ActiveCfg = Release|Any CPU
		{5F3370BF-3657-4269-9EBA-92B2F443302B}.Release|Any CPU.Build.0 = Release|Any CPU
		{5F3370BF-3657-4269-9EBA-92B2F443302B}.Release|x64.ActiveCfg = Release|Any CPU
		{5F3370BF-3657-4269-9EBA-92B2F443302B}.Release|x64.Build.0 = Release|Any CPU
		{5F3370BF-3657-4269-9EBA-92B2F443302B}.Release|x86.ActiveCfg = Release|Any CPU
		{5F3370BF-3657-4269-9EBA-92B2F443302B}.Release|x86.Build.0 = Release|Any CPU
		{8B54C20F-1290-4505-BE82-4F0A1A711C04}.Debug|Any CPU.ActiveCfg = Debug|Any CPU
		{8B54C20F-1290-4505-BE82-4F0A1A711C04}.Debug|Any CPU.Build.0 = Debug|Any CPU
		{8B54C20F-1290-4505-BE82-4F0A1A711C04}.Debug|x64.ActiveCfg = Debug|Any CPU
		{8B54C20F-1290-4505-BE82-4F0A1A711C04}.Debug|x64.Build.0 = Debug|Any CPU
		{8B54C20F-1290-4505-BE82-4F0A1A711C04}.Debug|x86.ActiveCfg = Debug|Any CPU
		{8B54C20F-1290-4505-BE82-4F0A1A711C04}.Debug|x86.Build.0 = Debug|Any CPU
		{8B54C20F-1290-4505-BE82-4F0A1A711C04}.Release|Any CPU.ActiveCfg = Release|Any CPU
		{8B54C20F-1290-4505-BE82-4F0A1A711C04}.Release|Any CPU.Build.0 = Release|Any CPU
		{8B54C20F-1290-4505-BE82-4F0A1A711C04}.Release|x64.ActiveCfg = Release|Any CPU
		{8B54C20F-1290-4505-BE82-4F0A1A711C04}.Release|x64.Build.0 = Release|Any CPU
		{8B54C20F-1290-4505-BE82-4F0A1A711C04}.Release|x86.ActiveCfg = Release|Any CPU
		{8B54C20F-1290-4505-BE82-4F0A1A711C04}.Release|x86.Build.0 = Release|Any CPU
		{0B240886-2AE6-4310-A742-5F2033A7E59D}.Debug|Any CPU.ActiveCfg = Debug|Any CPU
		{0B240886-2AE6-4310-A742-5F2033A7E59D}.Debug|Any CPU.Build.0 = Debug|Any CPU
		{0B240886-2AE6-4310-A742-5F2033A7E59D}.Debug|x64.ActiveCfg = Debug|Any CPU
		{0B240886-2AE6-4310-A742-5F2033A7E59D}.Debug|x64.Build.0 = Debug|Any CPU
		{0B240886-2AE6-4310-A742-5F2033A7E59D}.Debug|x86.ActiveCfg = Debug|Any CPU
		{0B240886-2AE6-4310-A742-5F2033A7E59D}.Debug|x86.Build.0 = Debug|Any CPU
		{0B240886-2AE6-4310-A742-5F2033A7E59D}.Release|Any CPU.ActiveCfg = Release|Any CPU
		{0B240886-2AE6-4310-A742-5F2033A7E59D}.Release|Any CPU.Build.0 = Release|Any CPU
		{0B240886-2AE6-4310-A742-5F2033A7E59D}.Release|x64.ActiveCfg = Release|Any CPU
		{0B240886-2AE6-4310-A742-5F2033A7E59D}.Release|x64.Build.0 = Release|Any CPU
		{0B240886-2AE6-4310-A742-5F2033A7E59D}.Release|x86.ActiveCfg = Release|Any CPU
		{0B240886-2AE6-4310-A742-5F2033A7E59D}.Release|x86.Build.0 = Release|Any CPU
		{26F31968-41A4-489A-A781-7470C72BF898}.Debug|Any CPU.ActiveCfg = Debug|Any CPU
		{26F31968-41A4-489A-A781-7470C72BF898}.Debug|Any CPU.Build.0 = Debug|Any CPU
		{26F31968-41A4-489A-A781-7470C72BF898}.Debug|x64.ActiveCfg = Debug|Any CPU
		{26F31968-41A4-489A-A781-7470C72BF898}.Debug|x64.Build.0 = Debug|Any CPU
		{26F31968-41A4-489A-A781-7470C72BF898}.Debug|x86.ActiveCfg = Debug|Any CPU
		{26F31968-41A4-489A-A781-7470C72BF898}.Debug|x86.Build.0 = Debug|Any CPU
		{26F31968-41A4-489A-A781-7470C72BF898}.Release|Any CPU.ActiveCfg = Release|Any CPU
		{26F31968-41A4-489A-A781-7470C72BF898}.Release|Any CPU.Build.0 = Release|Any CPU
		{26F31968-41A4-489A-A781-7470C72BF898}.Release|x64.ActiveCfg = Release|Any CPU
		{26F31968-41A4-489A-A781-7470C72BF898}.Release|x64.Build.0 = Release|Any CPU
		{26F31968-41A4-489A-A781-7470C72BF898}.Release|x86.ActiveCfg = Release|Any CPU
		{26F31968-41A4-489A-A781-7470C72BF898}.Release|x86.Build.0 = Release|Any CPU
		{E3DAF50D-6D24-434C-93DF-BFE75224934E}.Debug|Any CPU.ActiveCfg = Debug|Any CPU
		{E3DAF50D-6D24-434C-93DF-BFE75224934E}.Debug|Any CPU.Build.0 = Debug|Any CPU
		{E3DAF50D-6D24-434C-93DF-BFE75224934E}.Debug|x64.ActiveCfg = Debug|Any CPU
		{E3DAF50D-6D24-434C-93DF-BFE75224934E}.Debug|x64.Build.0 = Debug|Any CPU
		{E3DAF50D-6D24-434C-93DF-BFE75224934E}.Debug|x86.ActiveCfg = Debug|Any CPU
		{E3DAF50D-6D24-434C-93DF-BFE75224934E}.Debug|x86.Build.0 = Debug|Any CPU
		{E3DAF50D-6D24-434C-93DF-BFE75224934E}.Release|Any CPU.ActiveCfg = Release|Any CPU
		{E3DAF50D-6D24-434C-93DF-BFE75224934E}.Release|Any CPU.Build.0 = Release|Any CPU
		{E3DAF50D-6D24-434C-93DF-BFE75224934E}.Release|x64.ActiveCfg = Release|Any CPU
		{E3DAF50D-6D24-434C-93DF-BFE75224934E}.Release|x64.Build.0 = Release|Any CPU
		{E3DAF50D-6D24-434C-93DF-BFE75224934E}.Release|x86.ActiveCfg = Release|Any CPU
		{E3DAF50D-6D24-434C-93DF-BFE75224934E}.Release|x86.Build.0 = Release|Any CPU
		{6800FE1A-06DF-4EA1-854A-06818544BEBC}.Debug|Any CPU.ActiveCfg = Debug|Any CPU
		{6800FE1A-06DF-4EA1-854A-06818544BEBC}.Debug|Any CPU.Build.0 = Debug|Any CPU
		{6800FE1A-06DF-4EA1-854A-06818544BEBC}.Debug|x64.ActiveCfg = Debug|Any CPU
		{6800FE1A-06DF-4EA1-854A-06818544BEBC}.Debug|x64.Build.0 = Debug|Any CPU
		{6800FE1A-06DF-4EA1-854A-06818544BEBC}.Debug|x86.ActiveCfg = Debug|Any CPU
		{6800FE1A-06DF-4EA1-854A-06818544BEBC}.Debug|x86.Build.0 = Debug|Any CPU
		{6800FE1A-06DF-4EA1-854A-06818544BEBC}.Release|Any CPU.ActiveCfg = Release|Any CPU
		{6800FE1A-06DF-4EA1-854A-06818544BEBC}.Release|Any CPU.Build.0 = Release|Any CPU
		{6800FE1A-06DF-4EA1-854A-06818544BEBC}.Release|x64.ActiveCfg = Release|Any CPU
		{6800FE1A-06DF-4EA1-854A-06818544BEBC}.Release|x64.Build.0 = Release|Any CPU
		{6800FE1A-06DF-4EA1-854A-06818544BEBC}.Release|x86.ActiveCfg = Release|Any CPU
		{6800FE1A-06DF-4EA1-854A-06818544BEBC}.Release|x86.Build.0 = Release|Any CPU
		{6968BF3B-438D-4DB6-AAED-C65EE416FA65}.Debug|Any CPU.ActiveCfg = Debug|Any CPU
		{6968BF3B-438D-4DB6-AAED-C65EE416FA65}.Debug|Any CPU.Build.0 = Debug|Any CPU
		{6968BF3B-438D-4DB6-AAED-C65EE416FA65}.Debug|x64.ActiveCfg = Debug|Any CPU
		{6968BF3B-438D-4DB6-AAED-C65EE416FA65}.Debug|x64.Build.0 = Debug|Any CPU
		{6968BF3B-438D-4DB6-AAED-C65EE416FA65}.Debug|x86.ActiveCfg = Debug|Any CPU
		{6968BF3B-438D-4DB6-AAED-C65EE416FA65}.Debug|x86.Build.0 = Debug|Any CPU
		{6968BF3B-438D-4DB6-AAED-C65EE416FA65}.Release|Any CPU.ActiveCfg = Release|Any CPU
		{6968BF3B-438D-4DB6-AAED-C65EE416FA65}.Release|Any CPU.Build.0 = Release|Any CPU
		{6968BF3B-438D-4DB6-AAED-C65EE416FA65}.Release|x64.ActiveCfg = Release|Any CPU
		{6968BF3B-438D-4DB6-AAED-C65EE416FA65}.Release|x64.Build.0 = Release|Any CPU
		{6968BF3B-438D-4DB6-AAED-C65EE416FA65}.Release|x86.ActiveCfg = Release|Any CPU
		{6968BF3B-438D-4DB6-AAED-C65EE416FA65}.Release|x86.Build.0 = Release|Any CPU
		{6126A928-A39B-4D17-9C71-93836843E507}.Debug|Any CPU.ActiveCfg = Debug|Any CPU
		{6126A928-A39B-4D17-9C71-93836843E507}.Debug|Any CPU.Build.0 = Debug|Any CPU
		{6126A928-A39B-4D17-9C71-93836843E507}.Debug|x64.ActiveCfg = Debug|Any CPU
		{6126A928-A39B-4D17-9C71-93836843E507}.Debug|x64.Build.0 = Debug|Any CPU
		{6126A928-A39B-4D17-9C71-93836843E507}.Debug|x86.ActiveCfg = Debug|Any CPU
		{6126A928-A39B-4D17-9C71-93836843E507}.Debug|x86.Build.0 = Debug|Any CPU
		{6126A928-A39B-4D17-9C71-93836843E507}.Release|Any CPU.ActiveCfg = Release|Any CPU
		{6126A928-A39B-4D17-9C71-93836843E507}.Release|Any CPU.Build.0 = Release|Any CPU
		{6126A928-A39B-4D17-9C71-93836843E507}.Release|x64.ActiveCfg = Release|Any CPU
		{6126A928-A39B-4D17-9C71-93836843E507}.Release|x64.Build.0 = Release|Any CPU
		{6126A928-A39B-4D17-9C71-93836843E507}.Release|x86.ActiveCfg = Release|Any CPU
		{6126A928-A39B-4D17-9C71-93836843E507}.Release|x86.Build.0 = Release|Any CPU
		{CBB662CD-2AF7-44B8-8267-8546E1460EBC}.Debug|Any CPU.ActiveCfg = Debug|Any CPU
		{CBB662CD-2AF7-44B8-8267-8546E1460EBC}.Debug|Any CPU.Build.0 = Debug|Any CPU
		{CBB662CD-2AF7-44B8-8267-8546E1460EBC}.Debug|x64.ActiveCfg = Debug|Any CPU
		{CBB662CD-2AF7-44B8-8267-8546E1460EBC}.Debug|x64.Build.0 = Debug|Any CPU
		{CBB662CD-2AF7-44B8-8267-8546E1460EBC}.Debug|x86.ActiveCfg = Debug|Any CPU
		{CBB662CD-2AF7-44B8-8267-8546E1460EBC}.Debug|x86.Build.0 = Debug|Any CPU
		{CBB662CD-2AF7-44B8-8267-8546E1460EBC}.Release|Any CPU.ActiveCfg = Release|Any CPU
		{CBB662CD-2AF7-44B8-8267-8546E1460EBC}.Release|Any CPU.Build.0 = Release|Any CPU
		{CBB662CD-2AF7-44B8-8267-8546E1460EBC}.Release|x64.ActiveCfg = Release|Any CPU
		{CBB662CD-2AF7-44B8-8267-8546E1460EBC}.Release|x64.Build.0 = Release|Any CPU
		{CBB662CD-2AF7-44B8-8267-8546E1460EBC}.Release|x86.ActiveCfg = Release|Any CPU
		{CBB662CD-2AF7-44B8-8267-8546E1460EBC}.Release|x86.Build.0 = Release|Any CPU
		{E10D392E-0ACB-4B6A-809E-60B359966291}.Debug|Any CPU.ActiveCfg = Debug|Any CPU
		{E10D392E-0ACB-4B6A-809E-60B359966291}.Debug|Any CPU.Build.0 = Debug|Any CPU
		{E10D392E-0ACB-4B6A-809E-60B359966291}.Debug|x64.ActiveCfg = Debug|Any CPU
		{E10D392E-0ACB-4B6A-809E-60B359966291}.Debug|x64.Build.0 = Debug|Any CPU
		{E10D392E-0ACB-4B6A-809E-60B359966291}.Debug|x86.ActiveCfg = Debug|Any CPU
		{E10D392E-0ACB-4B6A-809E-60B359966291}.Debug|x86.Build.0 = Debug|Any CPU
		{E10D392E-0ACB-4B6A-809E-60B359966291}.Release|Any CPU.ActiveCfg = Release|Any CPU
		{E10D392E-0ACB-4B6A-809E-60B359966291}.Release|Any CPU.Build.0 = Release|Any CPU
		{E10D392E-0ACB-4B6A-809E-60B359966291}.Release|x64.ActiveCfg = Release|Any CPU
		{E10D392E-0ACB-4B6A-809E-60B359966291}.Release|x64.Build.0 = Release|Any CPU
		{E10D392E-0ACB-4B6A-809E-60B359966291}.Release|x86.ActiveCfg = Release|Any CPU
		{E10D392E-0ACB-4B6A-809E-60B359966291}.Release|x86.Build.0 = Release|Any CPU
		{1A3D36DC-CAB9-413E-986E-3553BF686957}.Debug|Any CPU.ActiveCfg = Debug|Any CPU
		{1A3D36DC-CAB9-413E-986E-3553BF686957}.Debug|Any CPU.Build.0 = Debug|Any CPU
		{1A3D36DC-CAB9-413E-986E-3553BF686957}.Debug|x64.ActiveCfg = Debug|Any CPU
		{1A3D36DC-CAB9-413E-986E-3553BF686957}.Debug|x64.Build.0 = Debug|Any CPU
		{1A3D36DC-CAB9-413E-986E-3553BF686957}.Debug|x86.ActiveCfg = Debug|Any CPU
		{1A3D36DC-CAB9-413E-986E-3553BF686957}.Debug|x86.Build.0 = Debug|Any CPU
		{1A3D36DC-CAB9-413E-986E-3553BF686957}.Release|Any CPU.ActiveCfg = Release|Any CPU
		{1A3D36DC-CAB9-413E-986E-3553BF686957}.Release|Any CPU.Build.0 = Release|Any CPU
		{1A3D36DC-CAB9-413E-986E-3553BF686957}.Release|x64.ActiveCfg = Release|Any CPU
		{1A3D36DC-CAB9-413E-986E-3553BF686957}.Release|x64.Build.0 = Release|Any CPU
		{1A3D36DC-CAB9-413E-986E-3553BF686957}.Release|x86.ActiveCfg = Release|Any CPU
		{1A3D36DC-CAB9-413E-986E-3553BF686957}.Release|x86.Build.0 = Release|Any CPU
		{FB580AC2-04E2-4FDC-A2DD-29142E8ED0AC}.Debug|Any CPU.ActiveCfg = Debug|Any CPU
		{FB580AC2-04E2-4FDC-A2DD-29142E8ED0AC}.Debug|Any CPU.Build.0 = Debug|Any CPU
		{FB580AC2-04E2-4FDC-A2DD-29142E8ED0AC}.Debug|x64.ActiveCfg = Debug|Any CPU
		{FB580AC2-04E2-4FDC-A2DD-29142E8ED0AC}.Debug|x64.Build.0 = Debug|Any CPU
		{FB580AC2-04E2-4FDC-A2DD-29142E8ED0AC}.Debug|x86.ActiveCfg = Debug|Any CPU
		{FB580AC2-04E2-4FDC-A2DD-29142E8ED0AC}.Debug|x86.Build.0 = Debug|Any CPU
		{FB580AC2-04E2-4FDC-A2DD-29142E8ED0AC}.Release|Any CPU.ActiveCfg = Release|Any CPU
		{FB580AC2-04E2-4FDC-A2DD-29142E8ED0AC}.Release|Any CPU.Build.0 = Release|Any CPU
		{FB580AC2-04E2-4FDC-A2DD-29142E8ED0AC}.Release|x64.ActiveCfg = Release|Any CPU
		{FB580AC2-04E2-4FDC-A2DD-29142E8ED0AC}.Release|x64.Build.0 = Release|Any CPU
		{FB580AC2-04E2-4FDC-A2DD-29142E8ED0AC}.Release|x86.ActiveCfg = Release|Any CPU
		{FB580AC2-04E2-4FDC-A2DD-29142E8ED0AC}.Release|x86.Build.0 = Release|Any CPU
		{E3DFBC4D-9FFB-404A-B3DF-FCF4A143DA9C}.Debug|Any CPU.ActiveCfg = Debug|Any CPU
		{E3DFBC4D-9FFB-404A-B3DF-FCF4A143DA9C}.Debug|Any CPU.Build.0 = Debug|Any CPU
		{E3DFBC4D-9FFB-404A-B3DF-FCF4A143DA9C}.Debug|x64.ActiveCfg = Debug|Any CPU
		{E3DFBC4D-9FFB-404A-B3DF-FCF4A143DA9C}.Debug|x64.Build.0 = Debug|Any CPU
		{E3DFBC4D-9FFB-404A-B3DF-FCF4A143DA9C}.Debug|x86.ActiveCfg = Debug|Any CPU
		{E3DFBC4D-9FFB-404A-B3DF-FCF4A143DA9C}.Debug|x86.Build.0 = Debug|Any CPU
		{E3DFBC4D-9FFB-404A-B3DF-FCF4A143DA9C}.Release|Any CPU.ActiveCfg = Release|Any CPU
		{E3DFBC4D-9FFB-404A-B3DF-FCF4A143DA9C}.Release|Any CPU.Build.0 = Release|Any CPU
		{E3DFBC4D-9FFB-404A-B3DF-FCF4A143DA9C}.Release|x64.ActiveCfg = Release|Any CPU
		{E3DFBC4D-9FFB-404A-B3DF-FCF4A143DA9C}.Release|x64.Build.0 = Release|Any CPU
		{E3DFBC4D-9FFB-404A-B3DF-FCF4A143DA9C}.Release|x86.ActiveCfg = Release|Any CPU
		{E3DFBC4D-9FFB-404A-B3DF-FCF4A143DA9C}.Release|x86.Build.0 = Release|Any CPU
		{BBA295BC-F9E2-4B4E-88C7-D311A10BA229}.Debug|Any CPU.ActiveCfg = Debug|Any CPU
		{BBA295BC-F9E2-4B4E-88C7-D311A10BA229}.Debug|Any CPU.Build.0 = Debug|Any CPU
		{BBA295BC-F9E2-4B4E-88C7-D311A10BA229}.Debug|x64.ActiveCfg = Debug|Any CPU
		{BBA295BC-F9E2-4B4E-88C7-D311A10BA229}.Debug|x64.Build.0 = Debug|Any CPU
		{BBA295BC-F9E2-4B4E-88C7-D311A10BA229}.Debug|x86.ActiveCfg = Debug|Any CPU
		{BBA295BC-F9E2-4B4E-88C7-D311A10BA229}.Debug|x86.Build.0 = Debug|Any CPU
		{BBA295BC-F9E2-4B4E-88C7-D311A10BA229}.Release|Any CPU.ActiveCfg = Release|Any CPU
		{BBA295BC-F9E2-4B4E-88C7-D311A10BA229}.Release|Any CPU.Build.0 = Release|Any CPU
		{BBA295BC-F9E2-4B4E-88C7-D311A10BA229}.Release|x64.ActiveCfg = Release|Any CPU
		{BBA295BC-F9E2-4B4E-88C7-D311A10BA229}.Release|x64.Build.0 = Release|Any CPU
		{BBA295BC-F9E2-4B4E-88C7-D311A10BA229}.Release|x86.ActiveCfg = Release|Any CPU
		{BBA295BC-F9E2-4B4E-88C7-D311A10BA229}.Release|x86.Build.0 = Release|Any CPU
		{D8EC3E67-2B64-4FB6-97FD-C07D217AA9AA}.Debug|Any CPU.ActiveCfg = Debug|Any CPU
		{D8EC3E67-2B64-4FB6-97FD-C07D217AA9AA}.Debug|Any CPU.Build.0 = Debug|Any CPU
		{D8EC3E67-2B64-4FB6-97FD-C07D217AA9AA}.Debug|x64.ActiveCfg = Debug|Any CPU
		{D8EC3E67-2B64-4FB6-97FD-C07D217AA9AA}.Debug|x64.Build.0 = Debug|Any CPU
		{D8EC3E67-2B64-4FB6-97FD-C07D217AA9AA}.Debug|x86.ActiveCfg = Debug|Any CPU
		{D8EC3E67-2B64-4FB6-97FD-C07D217AA9AA}.Debug|x86.Build.0 = Debug|Any CPU
		{D8EC3E67-2B64-4FB6-97FD-C07D217AA9AA}.Release|Any CPU.ActiveCfg = Release|Any CPU
		{D8EC3E67-2B64-4FB6-97FD-C07D217AA9AA}.Release|Any CPU.Build.0 = Release|Any CPU
		{D8EC3E67-2B64-4FB6-97FD-C07D217AA9AA}.Release|x64.ActiveCfg = Release|Any CPU
		{D8EC3E67-2B64-4FB6-97FD-C07D217AA9AA}.Release|x64.Build.0 = Release|Any CPU
		{D8EC3E67-2B64-4FB6-97FD-C07D217AA9AA}.Release|x86.ActiveCfg = Release|Any CPU
		{D8EC3E67-2B64-4FB6-97FD-C07D217AA9AA}.Release|x86.Build.0 = Release|Any CPU
		{6A66AD96-3579-4CA2-A13C-7C807F4A738E}.Debug|Any CPU.ActiveCfg = Debug|Any CPU
		{6A66AD96-3579-4CA2-A13C-7C807F4A738E}.Debug|Any CPU.Build.0 = Debug|Any CPU
		{6A66AD96-3579-4CA2-A13C-7C807F4A738E}.Debug|x64.ActiveCfg = Debug|Any CPU
		{6A66AD96-3579-4CA2-A13C-7C807F4A738E}.Debug|x64.Build.0 = Debug|Any CPU
		{6A66AD96-3579-4CA2-A13C-7C807F4A738E}.Debug|x86.ActiveCfg = Debug|Any CPU
		{6A66AD96-3579-4CA2-A13C-7C807F4A738E}.Debug|x86.Build.0 = Debug|Any CPU
		{6A66AD96-3579-4CA2-A13C-7C807F4A738E}.Release|Any CPU.ActiveCfg = Release|Any CPU
		{6A66AD96-3579-4CA2-A13C-7C807F4A738E}.Release|Any CPU.Build.0 = Release|Any CPU
		{6A66AD96-3579-4CA2-A13C-7C807F4A738E}.Release|x64.ActiveCfg = Release|Any CPU
		{6A66AD96-3579-4CA2-A13C-7C807F4A738E}.Release|x64.Build.0 = Release|Any CPU
		{6A66AD96-3579-4CA2-A13C-7C807F4A738E}.Release|x86.ActiveCfg = Release|Any CPU
		{6A66AD96-3579-4CA2-A13C-7C807F4A738E}.Release|x86.Build.0 = Release|Any CPU
		{372DEC61-0149-4AB2-8989-4D7CB25C4AB5}.Debug|Any CPU.ActiveCfg = Debug|Any CPU
		{372DEC61-0149-4AB2-8989-4D7CB25C4AB5}.Debug|Any CPU.Build.0 = Debug|Any CPU
		{372DEC61-0149-4AB2-8989-4D7CB25C4AB5}.Debug|x64.ActiveCfg = Debug|Any CPU
		{372DEC61-0149-4AB2-8989-4D7CB25C4AB5}.Debug|x64.Build.0 = Debug|Any CPU
		{372DEC61-0149-4AB2-8989-4D7CB25C4AB5}.Debug|x86.ActiveCfg = Debug|Any CPU
		{372DEC61-0149-4AB2-8989-4D7CB25C4AB5}.Debug|x86.Build.0 = Debug|Any CPU
		{372DEC61-0149-4AB2-8989-4D7CB25C4AB5}.Release|Any CPU.ActiveCfg = Release|Any CPU
		{372DEC61-0149-4AB2-8989-4D7CB25C4AB5}.Release|Any CPU.Build.0 = Release|Any CPU
		{372DEC61-0149-4AB2-8989-4D7CB25C4AB5}.Release|x64.ActiveCfg = Release|Any CPU
		{372DEC61-0149-4AB2-8989-4D7CB25C4AB5}.Release|x64.Build.0 = Release|Any CPU
		{372DEC61-0149-4AB2-8989-4D7CB25C4AB5}.Release|x86.ActiveCfg = Release|Any CPU
		{372DEC61-0149-4AB2-8989-4D7CB25C4AB5}.Release|x86.Build.0 = Release|Any CPU
		{CD2F2A7B-AA25-46C3-8F24-9E91AE10E138}.Debug|Any CPU.ActiveCfg = Debug|Any CPU
		{CD2F2A7B-AA25-46C3-8F24-9E91AE10E138}.Debug|Any CPU.Build.0 = Debug|Any CPU
		{CD2F2A7B-AA25-46C3-8F24-9E91AE10E138}.Debug|x64.ActiveCfg = Debug|Any CPU
		{CD2F2A7B-AA25-46C3-8F24-9E91AE10E138}.Debug|x64.Build.0 = Debug|Any CPU
		{CD2F2A7B-AA25-46C3-8F24-9E91AE10E138}.Debug|x86.ActiveCfg = Debug|Any CPU
		{CD2F2A7B-AA25-46C3-8F24-9E91AE10E138}.Debug|x86.Build.0 = Debug|Any CPU
		{CD2F2A7B-AA25-46C3-8F24-9E91AE10E138}.Release|Any CPU.ActiveCfg = Release|Any CPU
		{CD2F2A7B-AA25-46C3-8F24-9E91AE10E138}.Release|Any CPU.Build.0 = Release|Any CPU
		{CD2F2A7B-AA25-46C3-8F24-9E91AE10E138}.Release|x64.ActiveCfg = Release|Any CPU
		{CD2F2A7B-AA25-46C3-8F24-9E91AE10E138}.Release|x64.Build.0 = Release|Any CPU
		{CD2F2A7B-AA25-46C3-8F24-9E91AE10E138}.Release|x86.ActiveCfg = Release|Any CPU
		{CD2F2A7B-AA25-46C3-8F24-9E91AE10E138}.Release|x86.Build.0 = Release|Any CPU
		{B822D19D-CE6C-4C2E-A212-85C4AD831FB6}.Debug|Any CPU.ActiveCfg = Debug|Any CPU
		{B822D19D-CE6C-4C2E-A212-85C4AD831FB6}.Debug|Any CPU.Build.0 = Debug|Any CPU
		{B822D19D-CE6C-4C2E-A212-85C4AD831FB6}.Debug|x64.ActiveCfg = Debug|Any CPU
		{B822D19D-CE6C-4C2E-A212-85C4AD831FB6}.Debug|x64.Build.0 = Debug|Any CPU
		{B822D19D-CE6C-4C2E-A212-85C4AD831FB6}.Debug|x86.ActiveCfg = Debug|Any CPU
		{B822D19D-CE6C-4C2E-A212-85C4AD831FB6}.Debug|x86.Build.0 = Debug|Any CPU
		{B822D19D-CE6C-4C2E-A212-85C4AD831FB6}.Release|Any CPU.ActiveCfg = Release|Any CPU
		{B822D19D-CE6C-4C2E-A212-85C4AD831FB6}.Release|Any CPU.Build.0 = Release|Any CPU
		{B822D19D-CE6C-4C2E-A212-85C4AD831FB6}.Release|x64.ActiveCfg = Release|Any CPU
		{B822D19D-CE6C-4C2E-A212-85C4AD831FB6}.Release|x64.Build.0 = Release|Any CPU
		{B822D19D-CE6C-4C2E-A212-85C4AD831FB6}.Release|x86.ActiveCfg = Release|Any CPU
		{B822D19D-CE6C-4C2E-A212-85C4AD831FB6}.Release|x86.Build.0 = Release|Any CPU
		{38C1B4E5-D376-4310-BFCA-84C6AD1B10A6}.Debug|Any CPU.ActiveCfg = Debug|Any CPU
		{38C1B4E5-D376-4310-BFCA-84C6AD1B10A6}.Debug|Any CPU.Build.0 = Debug|Any CPU
		{38C1B4E5-D376-4310-BFCA-84C6AD1B10A6}.Debug|x64.ActiveCfg = Debug|Any CPU
		{38C1B4E5-D376-4310-BFCA-84C6AD1B10A6}.Debug|x64.Build.0 = Debug|Any CPU
		{38C1B4E5-D376-4310-BFCA-84C6AD1B10A6}.Debug|x86.ActiveCfg = Debug|Any CPU
		{38C1B4E5-D376-4310-BFCA-84C6AD1B10A6}.Debug|x86.Build.0 = Debug|Any CPU
		{38C1B4E5-D376-4310-BFCA-84C6AD1B10A6}.Release|Any CPU.ActiveCfg = Release|Any CPU
		{38C1B4E5-D376-4310-BFCA-84C6AD1B10A6}.Release|Any CPU.Build.0 = Release|Any CPU
		{38C1B4E5-D376-4310-BFCA-84C6AD1B10A6}.Release|x64.ActiveCfg = Release|Any CPU
		{38C1B4E5-D376-4310-BFCA-84C6AD1B10A6}.Release|x64.Build.0 = Release|Any CPU
		{38C1B4E5-D376-4310-BFCA-84C6AD1B10A6}.Release|x86.ActiveCfg = Release|Any CPU
		{38C1B4E5-D376-4310-BFCA-84C6AD1B10A6}.Release|x86.Build.0 = Release|Any CPU
		{C2E241C9-35DC-40CA-B591-24691720E687}.Debug|Any CPU.ActiveCfg = Debug|Any CPU
		{C2E241C9-35DC-40CA-B591-24691720E687}.Debug|Any CPU.Build.0 = Debug|Any CPU
		{C2E241C9-35DC-40CA-B591-24691720E687}.Debug|x64.ActiveCfg = Debug|Any CPU
		{C2E241C9-35DC-40CA-B591-24691720E687}.Debug|x64.Build.0 = Debug|Any CPU
		{C2E241C9-35DC-40CA-B591-24691720E687}.Debug|x86.ActiveCfg = Debug|Any CPU
		{C2E241C9-35DC-40CA-B591-24691720E687}.Debug|x86.Build.0 = Debug|Any CPU
		{C2E241C9-35DC-40CA-B591-24691720E687}.Release|Any CPU.ActiveCfg = Release|Any CPU
		{C2E241C9-35DC-40CA-B591-24691720E687}.Release|Any CPU.Build.0 = Release|Any CPU
		{C2E241C9-35DC-40CA-B591-24691720E687}.Release|x64.ActiveCfg = Release|Any CPU
		{C2E241C9-35DC-40CA-B591-24691720E687}.Release|x64.Build.0 = Release|Any CPU
		{C2E241C9-35DC-40CA-B591-24691720E687}.Release|x86.ActiveCfg = Release|Any CPU
		{C2E241C9-35DC-40CA-B591-24691720E687}.Release|x86.Build.0 = Release|Any CPU
		{CDC1F58D-B70F-4855-843D-0ABE4B7D8F1B}.Debug|Any CPU.ActiveCfg = Debug|Any CPU
		{CDC1F58D-B70F-4855-843D-0ABE4B7D8F1B}.Debug|Any CPU.Build.0 = Debug|Any CPU
		{CDC1F58D-B70F-4855-843D-0ABE4B7D8F1B}.Debug|x64.ActiveCfg = Debug|Any CPU
		{CDC1F58D-B70F-4855-843D-0ABE4B7D8F1B}.Debug|x64.Build.0 = Debug|Any CPU
		{CDC1F58D-B70F-4855-843D-0ABE4B7D8F1B}.Debug|x86.ActiveCfg = Debug|Any CPU
		{CDC1F58D-B70F-4855-843D-0ABE4B7D8F1B}.Debug|x86.Build.0 = Debug|Any CPU
		{CDC1F58D-B70F-4855-843D-0ABE4B7D8F1B}.Release|Any CPU.ActiveCfg = Release|Any CPU
		{CDC1F58D-B70F-4855-843D-0ABE4B7D8F1B}.Release|Any CPU.Build.0 = Release|Any CPU
		{CDC1F58D-B70F-4855-843D-0ABE4B7D8F1B}.Release|x64.ActiveCfg = Release|Any CPU
		{CDC1F58D-B70F-4855-843D-0ABE4B7D8F1B}.Release|x64.Build.0 = Release|Any CPU
		{CDC1F58D-B70F-4855-843D-0ABE4B7D8F1B}.Release|x86.ActiveCfg = Release|Any CPU
		{CDC1F58D-B70F-4855-843D-0ABE4B7D8F1B}.Release|x86.Build.0 = Release|Any CPU
		{6127B493-3BFD-428E-8666-6DB71691882B}.Debug|Any CPU.ActiveCfg = Debug|Any CPU
		{6127B493-3BFD-428E-8666-6DB71691882B}.Debug|Any CPU.Build.0 = Debug|Any CPU
		{6127B493-3BFD-428E-8666-6DB71691882B}.Debug|x64.ActiveCfg = Debug|Any CPU
		{6127B493-3BFD-428E-8666-6DB71691882B}.Debug|x64.Build.0 = Debug|Any CPU
		{6127B493-3BFD-428E-8666-6DB71691882B}.Debug|x86.ActiveCfg = Debug|Any CPU
		{6127B493-3BFD-428E-8666-6DB71691882B}.Debug|x86.Build.0 = Debug|Any CPU
		{6127B493-3BFD-428E-8666-6DB71691882B}.Release|Any CPU.ActiveCfg = Release|Any CPU
		{6127B493-3BFD-428E-8666-6DB71691882B}.Release|Any CPU.Build.0 = Release|Any CPU
		{6127B493-3BFD-428E-8666-6DB71691882B}.Release|x64.ActiveCfg = Release|Any CPU
		{6127B493-3BFD-428E-8666-6DB71691882B}.Release|x64.Build.0 = Release|Any CPU
		{6127B493-3BFD-428E-8666-6DB71691882B}.Release|x86.ActiveCfg = Release|Any CPU
		{6127B493-3BFD-428E-8666-6DB71691882B}.Release|x86.Build.0 = Release|Any CPU
		{75350CD1-A6BE-4BC4-A883-82585AC38462}.Debug|Any CPU.ActiveCfg = Debug|Any CPU
		{75350CD1-A6BE-4BC4-A883-82585AC38462}.Debug|Any CPU.Build.0 = Debug|Any CPU
		{75350CD1-A6BE-4BC4-A883-82585AC38462}.Debug|x64.ActiveCfg = Debug|Any CPU
		{75350CD1-A6BE-4BC4-A883-82585AC38462}.Debug|x64.Build.0 = Debug|Any CPU
		{75350CD1-A6BE-4BC4-A883-82585AC38462}.Debug|x86.ActiveCfg = Debug|Any CPU
		{75350CD1-A6BE-4BC4-A883-82585AC38462}.Debug|x86.Build.0 = Debug|Any CPU
		{75350CD1-A6BE-4BC4-A883-82585AC38462}.Release|Any CPU.ActiveCfg = Release|Any CPU
		{75350CD1-A6BE-4BC4-A883-82585AC38462}.Release|Any CPU.Build.0 = Release|Any CPU
		{75350CD1-A6BE-4BC4-A883-82585AC38462}.Release|x64.ActiveCfg = Release|Any CPU
		{75350CD1-A6BE-4BC4-A883-82585AC38462}.Release|x64.Build.0 = Release|Any CPU
		{75350CD1-A6BE-4BC4-A883-82585AC38462}.Release|x86.ActiveCfg = Release|Any CPU
		{75350CD1-A6BE-4BC4-A883-82585AC38462}.Release|x86.Build.0 = Release|Any CPU
		{016C3E1D-6299-401B-94D7-A797BC9546E6}.Debug|Any CPU.ActiveCfg = Debug|Any CPU
		{016C3E1D-6299-401B-94D7-A797BC9546E6}.Debug|Any CPU.Build.0 = Debug|Any CPU
		{016C3E1D-6299-401B-94D7-A797BC9546E6}.Debug|x64.ActiveCfg = Debug|Any CPU
		{016C3E1D-6299-401B-94D7-A797BC9546E6}.Debug|x64.Build.0 = Debug|Any CPU
		{016C3E1D-6299-401B-94D7-A797BC9546E6}.Debug|x86.ActiveCfg = Debug|Any CPU
		{016C3E1D-6299-401B-94D7-A797BC9546E6}.Debug|x86.Build.0 = Debug|Any CPU
		{016C3E1D-6299-401B-94D7-A797BC9546E6}.Release|Any CPU.ActiveCfg = Release|Any CPU
		{016C3E1D-6299-401B-94D7-A797BC9546E6}.Release|Any CPU.Build.0 = Release|Any CPU
		{016C3E1D-6299-401B-94D7-A797BC9546E6}.Release|x64.ActiveCfg = Release|Any CPU
		{016C3E1D-6299-401B-94D7-A797BC9546E6}.Release|x64.Build.0 = Release|Any CPU
		{016C3E1D-6299-401B-94D7-A797BC9546E6}.Release|x86.ActiveCfg = Release|Any CPU
		{016C3E1D-6299-401B-94D7-A797BC9546E6}.Release|x86.Build.0 = Release|Any CPU
		{2E60322D-31BA-4371-82A1-5761D19B05C8}.Debug|Any CPU.ActiveCfg = Debug|Any CPU
		{2E60322D-31BA-4371-82A1-5761D19B05C8}.Debug|Any CPU.Build.0 = Debug|Any CPU
		{2E60322D-31BA-4371-82A1-5761D19B05C8}.Debug|x64.ActiveCfg = Debug|Any CPU
		{2E60322D-31BA-4371-82A1-5761D19B05C8}.Debug|x64.Build.0 = Debug|Any CPU
		{2E60322D-31BA-4371-82A1-5761D19B05C8}.Debug|x86.ActiveCfg = Debug|Any CPU
		{2E60322D-31BA-4371-82A1-5761D19B05C8}.Debug|x86.Build.0 = Debug|Any CPU
		{2E60322D-31BA-4371-82A1-5761D19B05C8}.Release|Any CPU.ActiveCfg = Release|Any CPU
		{2E60322D-31BA-4371-82A1-5761D19B05C8}.Release|Any CPU.Build.0 = Release|Any CPU
		{2E60322D-31BA-4371-82A1-5761D19B05C8}.Release|x64.ActiveCfg = Release|Any CPU
		{2E60322D-31BA-4371-82A1-5761D19B05C8}.Release|x64.Build.0 = Release|Any CPU
		{2E60322D-31BA-4371-82A1-5761D19B05C8}.Release|x86.ActiveCfg = Release|Any CPU
		{2E60322D-31BA-4371-82A1-5761D19B05C8}.Release|x86.Build.0 = Release|Any CPU
		{1805DBA8-6495-414F-96A3-11290FAF7549}.Debug|Any CPU.ActiveCfg = Debug|Any CPU
		{1805DBA8-6495-414F-96A3-11290FAF7549}.Debug|Any CPU.Build.0 = Debug|Any CPU
		{1805DBA8-6495-414F-96A3-11290FAF7549}.Debug|x64.ActiveCfg = Debug|Any CPU
		{1805DBA8-6495-414F-96A3-11290FAF7549}.Debug|x64.Build.0 = Debug|Any CPU
		{1805DBA8-6495-414F-96A3-11290FAF7549}.Debug|x86.ActiveCfg = Debug|Any CPU
		{1805DBA8-6495-414F-96A3-11290FAF7549}.Debug|x86.Build.0 = Debug|Any CPU
		{1805DBA8-6495-414F-96A3-11290FAF7549}.Release|Any CPU.ActiveCfg = Release|Any CPU
		{1805DBA8-6495-414F-96A3-11290FAF7549}.Release|Any CPU.Build.0 = Release|Any CPU
		{1805DBA8-6495-414F-96A3-11290FAF7549}.Release|x64.ActiveCfg = Release|Any CPU
		{1805DBA8-6495-414F-96A3-11290FAF7549}.Release|x64.Build.0 = Release|Any CPU
		{1805DBA8-6495-414F-96A3-11290FAF7549}.Release|x86.ActiveCfg = Release|Any CPU
		{1805DBA8-6495-414F-96A3-11290FAF7549}.Release|x86.Build.0 = Release|Any CPU
		{77A5ADBD-09E4-4E3A-86FF-37E7609B81B1}.Debug|Any CPU.ActiveCfg = Debug|Any CPU
		{77A5ADBD-09E4-4E3A-86FF-37E7609B81B1}.Debug|Any CPU.Build.0 = Debug|Any CPU
		{77A5ADBD-09E4-4E3A-86FF-37E7609B81B1}.Debug|x64.ActiveCfg = Debug|Any CPU
		{77A5ADBD-09E4-4E3A-86FF-37E7609B81B1}.Debug|x64.Build.0 = Debug|Any CPU
		{77A5ADBD-09E4-4E3A-86FF-37E7609B81B1}.Debug|x86.ActiveCfg = Debug|Any CPU
		{77A5ADBD-09E4-4E3A-86FF-37E7609B81B1}.Debug|x86.Build.0 = Debug|Any CPU
		{77A5ADBD-09E4-4E3A-86FF-37E7609B81B1}.Release|Any CPU.ActiveCfg = Release|Any CPU
		{77A5ADBD-09E4-4E3A-86FF-37E7609B81B1}.Release|Any CPU.Build.0 = Release|Any CPU
		{77A5ADBD-09E4-4E3A-86FF-37E7609B81B1}.Release|x64.ActiveCfg = Release|Any CPU
		{77A5ADBD-09E4-4E3A-86FF-37E7609B81B1}.Release|x64.Build.0 = Release|Any CPU
		{77A5ADBD-09E4-4E3A-86FF-37E7609B81B1}.Release|x86.ActiveCfg = Release|Any CPU
		{77A5ADBD-09E4-4E3A-86FF-37E7609B81B1}.Release|x86.Build.0 = Release|Any CPU
		{AACB6F54-92B3-4A7F-BF21-DEDA60BFDDC8}.Debug|Any CPU.ActiveCfg = Debug|Any CPU
		{AACB6F54-92B3-4A7F-BF21-DEDA60BFDDC8}.Debug|Any CPU.Build.0 = Debug|Any CPU
		{AACB6F54-92B3-4A7F-BF21-DEDA60BFDDC8}.Debug|x64.ActiveCfg = Debug|Any CPU
		{AACB6F54-92B3-4A7F-BF21-DEDA60BFDDC8}.Debug|x64.Build.0 = Debug|Any CPU
		{AACB6F54-92B3-4A7F-BF21-DEDA60BFDDC8}.Debug|x86.ActiveCfg = Debug|Any CPU
		{AACB6F54-92B3-4A7F-BF21-DEDA60BFDDC8}.Debug|x86.Build.0 = Debug|Any CPU
		{AACB6F54-92B3-4A7F-BF21-DEDA60BFDDC8}.Release|Any CPU.ActiveCfg = Release|Any CPU
		{AACB6F54-92B3-4A7F-BF21-DEDA60BFDDC8}.Release|Any CPU.Build.0 = Release|Any CPU
		{AACB6F54-92B3-4A7F-BF21-DEDA60BFDDC8}.Release|x64.ActiveCfg = Release|Any CPU
		{AACB6F54-92B3-4A7F-BF21-DEDA60BFDDC8}.Release|x64.Build.0 = Release|Any CPU
		{AACB6F54-92B3-4A7F-BF21-DEDA60BFDDC8}.Release|x86.ActiveCfg = Release|Any CPU
		{AACB6F54-92B3-4A7F-BF21-DEDA60BFDDC8}.Release|x86.Build.0 = Release|Any CPU
		{A5116E74-B60E-4524-8884-7A2A3F175A1F}.Debug|Any CPU.ActiveCfg = Debug|Any CPU
		{A5116E74-B60E-4524-8884-7A2A3F175A1F}.Debug|Any CPU.Build.0 = Debug|Any CPU
		{A5116E74-B60E-4524-8884-7A2A3F175A1F}.Debug|x64.ActiveCfg = Debug|Any CPU
		{A5116E74-B60E-4524-8884-7A2A3F175A1F}.Debug|x64.Build.0 = Debug|Any CPU
		{A5116E74-B60E-4524-8884-7A2A3F175A1F}.Debug|x86.ActiveCfg = Debug|Any CPU
		{A5116E74-B60E-4524-8884-7A2A3F175A1F}.Debug|x86.Build.0 = Debug|Any CPU
		{A5116E74-B60E-4524-8884-7A2A3F175A1F}.Release|Any CPU.ActiveCfg = Release|Any CPU
		{A5116E74-B60E-4524-8884-7A2A3F175A1F}.Release|Any CPU.Build.0 = Release|Any CPU
		{A5116E74-B60E-4524-8884-7A2A3F175A1F}.Release|x64.ActiveCfg = Release|Any CPU
		{A5116E74-B60E-4524-8884-7A2A3F175A1F}.Release|x64.Build.0 = Release|Any CPU
		{A5116E74-B60E-4524-8884-7A2A3F175A1F}.Release|x86.ActiveCfg = Release|Any CPU
		{A5116E74-B60E-4524-8884-7A2A3F175A1F}.Release|x86.Build.0 = Release|Any CPU
		{2AFF901A-D636-481E-B151-6D0DAA312247}.Debug|Any CPU.ActiveCfg = Debug|Any CPU
		{2AFF901A-D636-481E-B151-6D0DAA312247}.Debug|Any CPU.Build.0 = Debug|Any CPU
		{2AFF901A-D636-481E-B151-6D0DAA312247}.Debug|x64.ActiveCfg = Debug|Any CPU
		{2AFF901A-D636-481E-B151-6D0DAA312247}.Debug|x64.Build.0 = Debug|Any CPU
		{2AFF901A-D636-481E-B151-6D0DAA312247}.Debug|x86.ActiveCfg = Debug|Any CPU
		{2AFF901A-D636-481E-B151-6D0DAA312247}.Debug|x86.Build.0 = Debug|Any CPU
		{2AFF901A-D636-481E-B151-6D0DAA312247}.Release|Any CPU.ActiveCfg = Release|Any CPU
		{2AFF901A-D636-481E-B151-6D0DAA312247}.Release|Any CPU.Build.0 = Release|Any CPU
		{2AFF901A-D636-481E-B151-6D0DAA312247}.Release|x64.ActiveCfg = Release|Any CPU
		{2AFF901A-D636-481E-B151-6D0DAA312247}.Release|x64.Build.0 = Release|Any CPU
		{2AFF901A-D636-481E-B151-6D0DAA312247}.Release|x86.ActiveCfg = Release|Any CPU
		{2AFF901A-D636-481E-B151-6D0DAA312247}.Release|x86.Build.0 = Release|Any CPU
		{FBA93457-3BAB-4836-89FF-76994A3DA397}.Debug|Any CPU.ActiveCfg = Debug|Any CPU
		{FBA93457-3BAB-4836-89FF-76994A3DA397}.Debug|Any CPU.Build.0 = Debug|Any CPU
		{FBA93457-3BAB-4836-89FF-76994A3DA397}.Debug|x64.ActiveCfg = Debug|Any CPU
		{FBA93457-3BAB-4836-89FF-76994A3DA397}.Debug|x64.Build.0 = Debug|Any CPU
		{FBA93457-3BAB-4836-89FF-76994A3DA397}.Debug|x86.ActiveCfg = Debug|Any CPU
		{FBA93457-3BAB-4836-89FF-76994A3DA397}.Debug|x86.Build.0 = Debug|Any CPU
		{FBA93457-3BAB-4836-89FF-76994A3DA397}.Release|Any CPU.ActiveCfg = Release|Any CPU
		{FBA93457-3BAB-4836-89FF-76994A3DA397}.Release|Any CPU.Build.0 = Release|Any CPU
		{FBA93457-3BAB-4836-89FF-76994A3DA397}.Release|x64.ActiveCfg = Release|Any CPU
		{FBA93457-3BAB-4836-89FF-76994A3DA397}.Release|x64.Build.0 = Release|Any CPU
		{FBA93457-3BAB-4836-89FF-76994A3DA397}.Release|x86.ActiveCfg = Release|Any CPU
		{FBA93457-3BAB-4836-89FF-76994A3DA397}.Release|x86.Build.0 = Release|Any CPU
		{AB221288-2214-4A45-96EE-009D921F5F5B}.Debug|Any CPU.ActiveCfg = Debug|Any CPU
		{AB221288-2214-4A45-96EE-009D921F5F5B}.Debug|Any CPU.Build.0 = Debug|Any CPU
		{AB221288-2214-4A45-96EE-009D921F5F5B}.Debug|x64.ActiveCfg = Debug|Any CPU
		{AB221288-2214-4A45-96EE-009D921F5F5B}.Debug|x64.Build.0 = Debug|Any CPU
		{AB221288-2214-4A45-96EE-009D921F5F5B}.Debug|x86.ActiveCfg = Debug|Any CPU
		{AB221288-2214-4A45-96EE-009D921F5F5B}.Debug|x86.Build.0 = Debug|Any CPU
		{AB221288-2214-4A45-96EE-009D921F5F5B}.Release|Any CPU.ActiveCfg = Release|Any CPU
		{AB221288-2214-4A45-96EE-009D921F5F5B}.Release|Any CPU.Build.0 = Release|Any CPU
		{AB221288-2214-4A45-96EE-009D921F5F5B}.Release|x64.ActiveCfg = Release|Any CPU
		{AB221288-2214-4A45-96EE-009D921F5F5B}.Release|x64.Build.0 = Release|Any CPU
		{AB221288-2214-4A45-96EE-009D921F5F5B}.Release|x86.ActiveCfg = Release|Any CPU
		{AB221288-2214-4A45-96EE-009D921F5F5B}.Release|x86.Build.0 = Release|Any CPU
		{9A39FED2-1541-498A-A801-F8F152D748B3}.Debug|Any CPU.ActiveCfg = Debug|Any CPU
		{9A39FED2-1541-498A-A801-F8F152D748B3}.Debug|Any CPU.Build.0 = Debug|Any CPU
		{9A39FED2-1541-498A-A801-F8F152D748B3}.Debug|x64.ActiveCfg = Debug|Any CPU
		{9A39FED2-1541-498A-A801-F8F152D748B3}.Debug|x64.Build.0 = Debug|Any CPU
		{9A39FED2-1541-498A-A801-F8F152D748B3}.Debug|x86.ActiveCfg = Debug|Any CPU
		{9A39FED2-1541-498A-A801-F8F152D748B3}.Debug|x86.Build.0 = Debug|Any CPU
		{9A39FED2-1541-498A-A801-F8F152D748B3}.Release|Any CPU.ActiveCfg = Release|Any CPU
		{9A39FED2-1541-498A-A801-F8F152D748B3}.Release|Any CPU.Build.0 = Release|Any CPU
		{9A39FED2-1541-498A-A801-F8F152D748B3}.Release|x64.ActiveCfg = Release|Any CPU
		{9A39FED2-1541-498A-A801-F8F152D748B3}.Release|x64.Build.0 = Release|Any CPU
		{9A39FED2-1541-498A-A801-F8F152D748B3}.Release|x86.ActiveCfg = Release|Any CPU
		{9A39FED2-1541-498A-A801-F8F152D748B3}.Release|x86.Build.0 = Release|Any CPU
		{B115F24F-7253-438D-90F5-E6C7E25A044C}.Debug|Any CPU.ActiveCfg = Debug|Any CPU
		{B115F24F-7253-438D-90F5-E6C7E25A044C}.Debug|Any CPU.Build.0 = Debug|Any CPU
		{B115F24F-7253-438D-90F5-E6C7E25A044C}.Debug|x64.ActiveCfg = Debug|Any CPU
		{B115F24F-7253-438D-90F5-E6C7E25A044C}.Debug|x64.Build.0 = Debug|Any CPU
		{B115F24F-7253-438D-90F5-E6C7E25A044C}.Debug|x86.ActiveCfg = Debug|Any CPU
		{B115F24F-7253-438D-90F5-E6C7E25A044C}.Debug|x86.Build.0 = Debug|Any CPU
		{B115F24F-7253-438D-90F5-E6C7E25A044C}.Release|Any CPU.ActiveCfg = Release|Any CPU
		{B115F24F-7253-438D-90F5-E6C7E25A044C}.Release|Any CPU.Build.0 = Release|Any CPU
		{B115F24F-7253-438D-90F5-E6C7E25A044C}.Release|x64.ActiveCfg = Release|Any CPU
		{B115F24F-7253-438D-90F5-E6C7E25A044C}.Release|x64.Build.0 = Release|Any CPU
		{B115F24F-7253-438D-90F5-E6C7E25A044C}.Release|x86.ActiveCfg = Release|Any CPU
		{B115F24F-7253-438D-90F5-E6C7E25A044C}.Release|x86.Build.0 = Release|Any CPU
		{BC3E52F2-099A-4A62-9E39-E89BAAAD8BC7}.Debug|Any CPU.ActiveCfg = Debug|Any CPU
		{BC3E52F2-099A-4A62-9E39-E89BAAAD8BC7}.Debug|Any CPU.Build.0 = Debug|Any CPU
		{BC3E52F2-099A-4A62-9E39-E89BAAAD8BC7}.Debug|x64.ActiveCfg = Debug|Any CPU
		{BC3E52F2-099A-4A62-9E39-E89BAAAD8BC7}.Debug|x64.Build.0 = Debug|Any CPU
		{BC3E52F2-099A-4A62-9E39-E89BAAAD8BC7}.Debug|x86.ActiveCfg = Debug|Any CPU
		{BC3E52F2-099A-4A62-9E39-E89BAAAD8BC7}.Debug|x86.Build.0 = Debug|Any CPU
		{BC3E52F2-099A-4A62-9E39-E89BAAAD8BC7}.Release|Any CPU.ActiveCfg = Release|Any CPU
		{BC3E52F2-099A-4A62-9E39-E89BAAAD8BC7}.Release|Any CPU.Build.0 = Release|Any CPU
		{BC3E52F2-099A-4A62-9E39-E89BAAAD8BC7}.Release|x64.ActiveCfg = Release|Any CPU
		{BC3E52F2-099A-4A62-9E39-E89BAAAD8BC7}.Release|x64.Build.0 = Release|Any CPU
		{BC3E52F2-099A-4A62-9E39-E89BAAAD8BC7}.Release|x86.ActiveCfg = Release|Any CPU
		{BC3E52F2-099A-4A62-9E39-E89BAAAD8BC7}.Release|x86.Build.0 = Release|Any CPU
		{53E882B8-7F39-4C00-9F41-DDB013DBDFA5}.Debug|Any CPU.ActiveCfg = Debug|Any CPU
		{53E882B8-7F39-4C00-9F41-DDB013DBDFA5}.Debug|Any CPU.Build.0 = Debug|Any CPU
		{53E882B8-7F39-4C00-9F41-DDB013DBDFA5}.Debug|x64.ActiveCfg = Debug|Any CPU
		{53E882B8-7F39-4C00-9F41-DDB013DBDFA5}.Debug|x64.Build.0 = Debug|Any CPU
		{53E882B8-7F39-4C00-9F41-DDB013DBDFA5}.Debug|x86.ActiveCfg = Debug|Any CPU
		{53E882B8-7F39-4C00-9F41-DDB013DBDFA5}.Debug|x86.Build.0 = Debug|Any CPU
		{53E882B8-7F39-4C00-9F41-DDB013DBDFA5}.Release|Any CPU.ActiveCfg = Release|Any CPU
		{53E882B8-7F39-4C00-9F41-DDB013DBDFA5}.Release|Any CPU.Build.0 = Release|Any CPU
		{53E882B8-7F39-4C00-9F41-DDB013DBDFA5}.Release|x64.ActiveCfg = Release|Any CPU
		{53E882B8-7F39-4C00-9F41-DDB013DBDFA5}.Release|x64.Build.0 = Release|Any CPU
		{53E882B8-7F39-4C00-9F41-DDB013DBDFA5}.Release|x86.ActiveCfg = Release|Any CPU
		{53E882B8-7F39-4C00-9F41-DDB013DBDFA5}.Release|x86.Build.0 = Release|Any CPU
		{93A1C8C7-2707-4437-AF17-FE0A266A86A8}.Debug|Any CPU.ActiveCfg = Debug|Any CPU
		{93A1C8C7-2707-4437-AF17-FE0A266A86A8}.Debug|Any CPU.Build.0 = Debug|Any CPU
		{93A1C8C7-2707-4437-AF17-FE0A266A86A8}.Debug|x64.ActiveCfg = Debug|Any CPU
		{93A1C8C7-2707-4437-AF17-FE0A266A86A8}.Debug|x64.Build.0 = Debug|Any CPU
		{93A1C8C7-2707-4437-AF17-FE0A266A86A8}.Debug|x86.ActiveCfg = Debug|Any CPU
		{93A1C8C7-2707-4437-AF17-FE0A266A86A8}.Debug|x86.Build.0 = Debug|Any CPU
		{93A1C8C7-2707-4437-AF17-FE0A266A86A8}.Release|Any CPU.ActiveCfg = Release|Any CPU
		{93A1C8C7-2707-4437-AF17-FE0A266A86A8}.Release|Any CPU.Build.0 = Release|Any CPU
		{93A1C8C7-2707-4437-AF17-FE0A266A86A8}.Release|x64.ActiveCfg = Release|Any CPU
		{93A1C8C7-2707-4437-AF17-FE0A266A86A8}.Release|x64.Build.0 = Release|Any CPU
		{93A1C8C7-2707-4437-AF17-FE0A266A86A8}.Release|x86.ActiveCfg = Release|Any CPU
		{93A1C8C7-2707-4437-AF17-FE0A266A86A8}.Release|x86.Build.0 = Release|Any CPU
		{1FB1C2B0-39FD-4BE5-A0D0-09E6D60DA327}.Debug|Any CPU.ActiveCfg = Debug|Any CPU
		{1FB1C2B0-39FD-4BE5-A0D0-09E6D60DA327}.Debug|Any CPU.Build.0 = Debug|Any CPU
		{1FB1C2B0-39FD-4BE5-A0D0-09E6D60DA327}.Debug|x64.ActiveCfg = Debug|Any CPU
		{1FB1C2B0-39FD-4BE5-A0D0-09E6D60DA327}.Debug|x64.Build.0 = Debug|Any CPU
		{1FB1C2B0-39FD-4BE5-A0D0-09E6D60DA327}.Debug|x86.ActiveCfg = Debug|Any CPU
		{1FB1C2B0-39FD-4BE5-A0D0-09E6D60DA327}.Debug|x86.Build.0 = Debug|Any CPU
		{1FB1C2B0-39FD-4BE5-A0D0-09E6D60DA327}.Release|Any CPU.ActiveCfg = Release|Any CPU
		{1FB1C2B0-39FD-4BE5-A0D0-09E6D60DA327}.Release|Any CPU.Build.0 = Release|Any CPU
		{1FB1C2B0-39FD-4BE5-A0D0-09E6D60DA327}.Release|x64.ActiveCfg = Release|Any CPU
		{1FB1C2B0-39FD-4BE5-A0D0-09E6D60DA327}.Release|x64.Build.0 = Release|Any CPU
		{1FB1C2B0-39FD-4BE5-A0D0-09E6D60DA327}.Release|x86.ActiveCfg = Release|Any CPU
		{1FB1C2B0-39FD-4BE5-A0D0-09E6D60DA327}.Release|x86.Build.0 = Release|Any CPU
		{FCB8E59C-7A2C-4255-9CA2-AA0EF3946ED4}.Debug|Any CPU.ActiveCfg = Debug|Any CPU
		{FCB8E59C-7A2C-4255-9CA2-AA0EF3946ED4}.Debug|Any CPU.Build.0 = Debug|Any CPU
		{FCB8E59C-7A2C-4255-9CA2-AA0EF3946ED4}.Debug|x64.ActiveCfg = Debug|Any CPU
		{FCB8E59C-7A2C-4255-9CA2-AA0EF3946ED4}.Debug|x64.Build.0 = Debug|Any CPU
		{FCB8E59C-7A2C-4255-9CA2-AA0EF3946ED4}.Debug|x86.ActiveCfg = Debug|Any CPU
		{FCB8E59C-7A2C-4255-9CA2-AA0EF3946ED4}.Debug|x86.Build.0 = Debug|Any CPU
		{FCB8E59C-7A2C-4255-9CA2-AA0EF3946ED4}.Release|Any CPU.ActiveCfg = Release|Any CPU
		{FCB8E59C-7A2C-4255-9CA2-AA0EF3946ED4}.Release|Any CPU.Build.0 = Release|Any CPU
		{FCB8E59C-7A2C-4255-9CA2-AA0EF3946ED4}.Release|x64.ActiveCfg = Release|Any CPU
		{FCB8E59C-7A2C-4255-9CA2-AA0EF3946ED4}.Release|x64.Build.0 = Release|Any CPU
		{FCB8E59C-7A2C-4255-9CA2-AA0EF3946ED4}.Release|x86.ActiveCfg = Release|Any CPU
		{FCB8E59C-7A2C-4255-9CA2-AA0EF3946ED4}.Release|x86.Build.0 = Release|Any CPU
		{E48A5112-D5AF-449C-ADE8-0DCACF760DA0}.Debug|Any CPU.ActiveCfg = Debug|Any CPU
		{E48A5112-D5AF-449C-ADE8-0DCACF760DA0}.Debug|Any CPU.Build.0 = Debug|Any CPU
		{E48A5112-D5AF-449C-ADE8-0DCACF760DA0}.Debug|x64.ActiveCfg = Debug|Any CPU
		{E48A5112-D5AF-449C-ADE8-0DCACF760DA0}.Debug|x64.Build.0 = Debug|Any CPU
		{E48A5112-D5AF-449C-ADE8-0DCACF760DA0}.Debug|x86.ActiveCfg = Debug|Any CPU
		{E48A5112-D5AF-449C-ADE8-0DCACF760DA0}.Debug|x86.Build.0 = Debug|Any CPU
		{E48A5112-D5AF-449C-ADE8-0DCACF760DA0}.Release|Any CPU.ActiveCfg = Release|Any CPU
		{E48A5112-D5AF-449C-ADE8-0DCACF760DA0}.Release|Any CPU.Build.0 = Release|Any CPU
		{E48A5112-D5AF-449C-ADE8-0DCACF760DA0}.Release|x64.ActiveCfg = Release|Any CPU
		{E48A5112-D5AF-449C-ADE8-0DCACF760DA0}.Release|x64.Build.0 = Release|Any CPU
		{E48A5112-D5AF-449C-ADE8-0DCACF760DA0}.Release|x86.ActiveCfg = Release|Any CPU
		{E48A5112-D5AF-449C-ADE8-0DCACF760DA0}.Release|x86.Build.0 = Release|Any CPU
		{09B6E60D-CACE-4F48-9AD0-E5A218C4E7AA}.Debug|Any CPU.ActiveCfg = Debug|Any CPU
		{09B6E60D-CACE-4F48-9AD0-E5A218C4E7AA}.Debug|Any CPU.Build.0 = Debug|Any CPU
		{09B6E60D-CACE-4F48-9AD0-E5A218C4E7AA}.Debug|x64.ActiveCfg = Debug|Any CPU
		{09B6E60D-CACE-4F48-9AD0-E5A218C4E7AA}.Debug|x64.Build.0 = Debug|Any CPU
		{09B6E60D-CACE-4F48-9AD0-E5A218C4E7AA}.Debug|x86.ActiveCfg = Debug|Any CPU
		{09B6E60D-CACE-4F48-9AD0-E5A218C4E7AA}.Debug|x86.Build.0 = Debug|Any CPU
		{09B6E60D-CACE-4F48-9AD0-E5A218C4E7AA}.Release|Any CPU.ActiveCfg = Release|Any CPU
		{09B6E60D-CACE-4F48-9AD0-E5A218C4E7AA}.Release|Any CPU.Build.0 = Release|Any CPU
		{09B6E60D-CACE-4F48-9AD0-E5A218C4E7AA}.Release|x64.ActiveCfg = Release|Any CPU
		{09B6E60D-CACE-4F48-9AD0-E5A218C4E7AA}.Release|x64.Build.0 = Release|Any CPU
		{09B6E60D-CACE-4F48-9AD0-E5A218C4E7AA}.Release|x86.ActiveCfg = Release|Any CPU
		{09B6E60D-CACE-4F48-9AD0-E5A218C4E7AA}.Release|x86.Build.0 = Release|Any CPU
		{4DB07E82-9936-499E-B2AA-BA3DC0BBAEB2}.Debug|Any CPU.ActiveCfg = Debug|Any CPU
		{4DB07E82-9936-499E-B2AA-BA3DC0BBAEB2}.Debug|Any CPU.Build.0 = Debug|Any CPU
		{4DB07E82-9936-499E-B2AA-BA3DC0BBAEB2}.Debug|x64.ActiveCfg = Debug|Any CPU
		{4DB07E82-9936-499E-B2AA-BA3DC0BBAEB2}.Debug|x64.Build.0 = Debug|Any CPU
		{4DB07E82-9936-499E-B2AA-BA3DC0BBAEB2}.Debug|x86.ActiveCfg = Debug|Any CPU
		{4DB07E82-9936-499E-B2AA-BA3DC0BBAEB2}.Debug|x86.Build.0 = Debug|Any CPU
		{4DB07E82-9936-499E-B2AA-BA3DC0BBAEB2}.Release|Any CPU.ActiveCfg = Release|Any CPU
		{4DB07E82-9936-499E-B2AA-BA3DC0BBAEB2}.Release|Any CPU.Build.0 = Release|Any CPU
		{4DB07E82-9936-499E-B2AA-BA3DC0BBAEB2}.Release|x64.ActiveCfg = Release|Any CPU
		{4DB07E82-9936-499E-B2AA-BA3DC0BBAEB2}.Release|x64.Build.0 = Release|Any CPU
		{4DB07E82-9936-499E-B2AA-BA3DC0BBAEB2}.Release|x86.ActiveCfg = Release|Any CPU
		{4DB07E82-9936-499E-B2AA-BA3DC0BBAEB2}.Release|x86.Build.0 = Release|Any CPU
		{74D64532-F970-48D2-84FF-ABAC27597021}.Debug|Any CPU.ActiveCfg = Debug|Any CPU
		{74D64532-F970-48D2-84FF-ABAC27597021}.Debug|Any CPU.Build.0 = Debug|Any CPU
		{74D64532-F970-48D2-84FF-ABAC27597021}.Debug|x64.ActiveCfg = Debug|Any CPU
		{74D64532-F970-48D2-84FF-ABAC27597021}.Debug|x64.Build.0 = Debug|Any CPU
		{74D64532-F970-48D2-84FF-ABAC27597021}.Debug|x86.ActiveCfg = Debug|Any CPU
		{74D64532-F970-48D2-84FF-ABAC27597021}.Debug|x86.Build.0 = Debug|Any CPU
		{74D64532-F970-48D2-84FF-ABAC27597021}.Release|Any CPU.ActiveCfg = Release|Any CPU
		{74D64532-F970-48D2-84FF-ABAC27597021}.Release|Any CPU.Build.0 = Release|Any CPU
		{74D64532-F970-48D2-84FF-ABAC27597021}.Release|x64.ActiveCfg = Release|Any CPU
		{74D64532-F970-48D2-84FF-ABAC27597021}.Release|x64.Build.0 = Release|Any CPU
		{74D64532-F970-48D2-84FF-ABAC27597021}.Release|x86.ActiveCfg = Release|Any CPU
		{74D64532-F970-48D2-84FF-ABAC27597021}.Release|x86.Build.0 = Release|Any CPU
		{0E021801-84E6-43D7-A018-4A055C7BB8AE}.Debug|Any CPU.ActiveCfg = Debug|Any CPU
		{0E021801-84E6-43D7-A018-4A055C7BB8AE}.Debug|Any CPU.Build.0 = Debug|Any CPU
		{0E021801-84E6-43D7-A018-4A055C7BB8AE}.Debug|x64.ActiveCfg = Debug|Any CPU
		{0E021801-84E6-43D7-A018-4A055C7BB8AE}.Debug|x64.Build.0 = Debug|Any CPU
		{0E021801-84E6-43D7-A018-4A055C7BB8AE}.Debug|x86.ActiveCfg = Debug|Any CPU
		{0E021801-84E6-43D7-A018-4A055C7BB8AE}.Debug|x86.Build.0 = Debug|Any CPU
		{0E021801-84E6-43D7-A018-4A055C7BB8AE}.Release|Any CPU.ActiveCfg = Release|Any CPU
		{0E021801-84E6-43D7-A018-4A055C7BB8AE}.Release|Any CPU.Build.0 = Release|Any CPU
		{0E021801-84E6-43D7-A018-4A055C7BB8AE}.Release|x64.ActiveCfg = Release|Any CPU
		{0E021801-84E6-43D7-A018-4A055C7BB8AE}.Release|x64.Build.0 = Release|Any CPU
		{0E021801-84E6-43D7-A018-4A055C7BB8AE}.Release|x86.ActiveCfg = Release|Any CPU
		{0E021801-84E6-43D7-A018-4A055C7BB8AE}.Release|x86.Build.0 = Release|Any CPU
		{9C411282-34C0-4630-9B65-DD44F77029A0}.Debug|Any CPU.ActiveCfg = Debug|Any CPU
		{9C411282-34C0-4630-9B65-DD44F77029A0}.Debug|Any CPU.Build.0 = Debug|Any CPU
		{9C411282-34C0-4630-9B65-DD44F77029A0}.Debug|x64.ActiveCfg = Debug|Any CPU
		{9C411282-34C0-4630-9B65-DD44F77029A0}.Debug|x64.Build.0 = Debug|Any CPU
		{9C411282-34C0-4630-9B65-DD44F77029A0}.Debug|x86.ActiveCfg = Debug|Any CPU
		{9C411282-34C0-4630-9B65-DD44F77029A0}.Debug|x86.Build.0 = Debug|Any CPU
		{9C411282-34C0-4630-9B65-DD44F77029A0}.Release|Any CPU.ActiveCfg = Release|Any CPU
		{9C411282-34C0-4630-9B65-DD44F77029A0}.Release|Any CPU.Build.0 = Release|Any CPU
		{9C411282-34C0-4630-9B65-DD44F77029A0}.Release|x64.ActiveCfg = Release|Any CPU
		{9C411282-34C0-4630-9B65-DD44F77029A0}.Release|x64.Build.0 = Release|Any CPU
		{9C411282-34C0-4630-9B65-DD44F77029A0}.Release|x86.ActiveCfg = Release|Any CPU
		{9C411282-34C0-4630-9B65-DD44F77029A0}.Release|x86.Build.0 = Release|Any CPU
		{4C254695-5B23-424B-AD89-C80FD7E863BD}.Debug|Any CPU.ActiveCfg = Debug|Any CPU
		{4C254695-5B23-424B-AD89-C80FD7E863BD}.Debug|Any CPU.Build.0 = Debug|Any CPU
		{4C254695-5B23-424B-AD89-C80FD7E863BD}.Debug|x64.ActiveCfg = Debug|Any CPU
		{4C254695-5B23-424B-AD89-C80FD7E863BD}.Debug|x64.Build.0 = Debug|Any CPU
		{4C254695-5B23-424B-AD89-C80FD7E863BD}.Debug|x86.ActiveCfg = Debug|Any CPU
		{4C254695-5B23-424B-AD89-C80FD7E863BD}.Debug|x86.Build.0 = Debug|Any CPU
		{4C254695-5B23-424B-AD89-C80FD7E863BD}.Release|Any CPU.ActiveCfg = Release|Any CPU
		{4C254695-5B23-424B-AD89-C80FD7E863BD}.Release|Any CPU.Build.0 = Release|Any CPU
		{4C254695-5B23-424B-AD89-C80FD7E863BD}.Release|x64.ActiveCfg = Release|Any CPU
		{4C254695-5B23-424B-AD89-C80FD7E863BD}.Release|x64.Build.0 = Release|Any CPU
		{4C254695-5B23-424B-AD89-C80FD7E863BD}.Release|x86.ActiveCfg = Release|Any CPU
		{4C254695-5B23-424B-AD89-C80FD7E863BD}.Release|x86.Build.0 = Release|Any CPU
	EndGlobalSection
	GlobalSection(SolutionProperties) = preSolution
		HideSolutionNode = FALSE
	EndGlobalSection
	GlobalSection(NestedProjects) = preSolution
		{0F9113EE-888A-26D2-68B0-4A7D0A2A8745} = {1AE8ACA6-933B-BF2A-3671-3E2EAC007D16}
		{D30272F1-C8F5-6B29-B190-D35B9A9F58FA} = {0F9113EE-888A-26D2-68B0-4A7D0A2A8745}
		{7F849684-EA6A-480C-B94A-4E678C9649EA} = {D30272F1-C8F5-6B29-B190-D35B9A9F58FA}
		{E67A9407-3F77-8E1E-44C0-D60C1E808A95} = {0F9113EE-888A-26D2-68B0-4A7D0A2A8745}
		{E7ACF62A-4792-2521-47ED-6ECBF18731BB} = {E67A9407-3F77-8E1E-44C0-D60C1E808A95}
		{39ABFCF5-A0E2-4E27-8DBB-DA625F2305C8} = {E7ACF62A-4792-2521-47ED-6ECBF18731BB}
		{F723D682-E263-433F-A5D8-ECBFF47AD5F5} = {E7ACF62A-4792-2521-47ED-6ECBF18731BB}
		{3518C6FE-7C6C-C575-CC03-E8DAA010DCAF} = {0F9113EE-888A-26D2-68B0-4A7D0A2A8745}
		{A80D1D24-297C-4BB8-B484-DE6DDD309EE4} = {3518C6FE-7C6C-C575-CC03-E8DAA010DCAF}
		{84CC3080-FB26-5600-5F41-1424F4105BE1} = {E67A9407-3F77-8E1E-44C0-D60C1E808A95}
		{ED0618A2-DB9C-4A4D-96BB-29E24D2B69CD} = {84CC3080-FB26-5600-5F41-1424F4105BE1}
		{90C72064-7148-4461-9568-156DAAAA6049} = {84CC3080-FB26-5600-5F41-1424F4105BE1}
		{90FD5871-EFE5-4283-A4B2-61626ABDEBDD} = {E7ACF62A-4792-2521-47ED-6ECBF18731BB}
		{7E51B173-877F-2E15-619D-E86B90CD0882} = {E67A9407-3F77-8E1E-44C0-D60C1E808A95}
		{5A38529C-2E81-49D8-9EB3-1A02762C7271} = {7E51B173-877F-2E15-619D-E86B90CD0882}
		{C096AD05-D629-4BDB-8272-F17BB1AB30CC} = {7E51B173-877F-2E15-619D-E86B90CD0882}
		{5F3370BF-3657-4269-9EBA-92B2F443302B} = {7E51B173-877F-2E15-619D-E86B90CD0882}
		{8B54C20F-1290-4505-BE82-4F0A1A711C04} = {7E51B173-877F-2E15-619D-E86B90CD0882}
		{0B240886-2AE6-4310-A742-5F2033A7E59D} = {7E51B173-877F-2E15-619D-E86B90CD0882}
		{6114E9E3-3137-9E08-04A6-846B275F41D3} = {E67A9407-3F77-8E1E-44C0-D60C1E808A95}
		{26F31968-41A4-489A-A781-7470C72BF898} = {6114E9E3-3137-9E08-04A6-846B275F41D3}
		{F57642F3-C37C-D174-720E-6A6AAD5BEE22} = {1AE8ACA6-933B-BF2A-3671-3E2EAC007D16}
		{0A89FECB-1AB1-6485-1AA0-DCD8388D976F} = {F57642F3-C37C-D174-720E-6A6AAD5BEE22}
		{E3DAF50D-6D24-434C-93DF-BFE75224934E} = {0A89FECB-1AB1-6485-1AA0-DCD8388D976F}
		{53BC5D6F-2E23-E2BC-B668-7B04856F88A1} = {F57642F3-C37C-D174-720E-6A6AAD5BEE22}
		{6800FE1A-06DF-4EA1-854A-06818544BEBC} = {53BC5D6F-2E23-E2BC-B668-7B04856F88A1}
		{C8A1BA8F-C707-E767-5989-C0E1CF0A04C7} = {07C2787E-EAC7-C090-1BA3-A61EC2A24D84}
		{6968BF3B-438D-4DB6-AAED-C65EE416FA65} = {C8A1BA8F-C707-E767-5989-C0E1CF0A04C7}
		{1F64284D-71C1-5136-FC8D-55B8F453A2F8} = {E67A9407-3F77-8E1E-44C0-D60C1E808A95}
		{6126A928-A39B-4D17-9C71-93836843E507} = {1F64284D-71C1-5136-FC8D-55B8F453A2F8}
		{CBB662CD-2AF7-44B8-8267-8546E1460EBC} = {1F64284D-71C1-5136-FC8D-55B8F453A2F8}
		{E10D392E-0ACB-4B6A-809E-60B359966291} = {1F64284D-71C1-5136-FC8D-55B8F453A2F8}
		{1A3D36DC-CAB9-413E-986E-3553BF686957} = {1F64284D-71C1-5136-FC8D-55B8F453A2F8}
		{FB580AC2-04E2-4FDC-A2DD-29142E8ED0AC} = {1F64284D-71C1-5136-FC8D-55B8F453A2F8}
		{8E78592F-17E6-EC34-BD13-C210CA5924AF} = {E67A9407-3F77-8E1E-44C0-D60C1E808A95}
		{E3DFBC4D-9FFB-404A-B3DF-FCF4A143DA9C} = {8E78592F-17E6-EC34-BD13-C210CA5924AF}
		{BBA295BC-F9E2-4B4E-88C7-D311A10BA229} = {8E78592F-17E6-EC34-BD13-C210CA5924AF}
		{D8EC3E67-2B64-4FB6-97FD-C07D217AA9AA} = {8E78592F-17E6-EC34-BD13-C210CA5924AF}
		{6A66AD96-3579-4CA2-A13C-7C807F4A738E} = {8E78592F-17E6-EC34-BD13-C210CA5924AF}
		{372DEC61-0149-4AB2-8989-4D7CB25C4AB5} = {8E78592F-17E6-EC34-BD13-C210CA5924AF}
		{45DB968B-7B36-8B46-8860-BB08E57FC8D6} = {E67A9407-3F77-8E1E-44C0-D60C1E808A95}
		{CD2F2A7B-AA25-46C3-8F24-9E91AE10E138} = {45DB968B-7B36-8B46-8860-BB08E57FC8D6}
		{B822D19D-CE6C-4C2E-A212-85C4AD831FB6} = {45DB968B-7B36-8B46-8860-BB08E57FC8D6}
		{38C1B4E5-D376-4310-BFCA-84C6AD1B10A6} = {45DB968B-7B36-8B46-8860-BB08E57FC8D6}
		{C2E241C9-35DC-40CA-B591-24691720E687} = {45DB968B-7B36-8B46-8860-BB08E57FC8D6}
		{CDC1F58D-B70F-4855-843D-0ABE4B7D8F1B} = {45DB968B-7B36-8B46-8860-BB08E57FC8D6}
		{D71B5E22-EFA9-8FF5-6199-163038E34AD7} = {E67A9407-3F77-8E1E-44C0-D60C1E808A95}
		{6127B493-3BFD-428E-8666-6DB71691882B} = {D71B5E22-EFA9-8FF5-6199-163038E34AD7}
		{75350CD1-A6BE-4BC4-A883-82585AC38462} = {D71B5E22-EFA9-8FF5-6199-163038E34AD7}
		{016C3E1D-6299-401B-94D7-A797BC9546E6} = {D71B5E22-EFA9-8FF5-6199-163038E34AD7}
		{2E60322D-31BA-4371-82A1-5761D19B05C8} = {D71B5E22-EFA9-8FF5-6199-163038E34AD7}
		{1805DBA8-6495-414F-96A3-11290FAF7549} = {D71B5E22-EFA9-8FF5-6199-163038E34AD7}
		{77A5ADBD-09E4-4E3A-86FF-37E7609B81B1} = {F2892F7D-49D2-0969-2635-C4CE9CCFB03E}
		{AACB6F54-92B3-4A7F-BF21-DEDA60BFDDC8} = {F2892F7D-49D2-0969-2635-C4CE9CCFB03E}
		{A5116E74-B60E-4524-8884-7A2A3F175A1F} = {F2892F7D-49D2-0969-2635-C4CE9CCFB03E}
		{2AFF901A-D636-481E-B151-6D0DAA312247} = {F2892F7D-49D2-0969-2635-C4CE9CCFB03E}
		{FBA93457-3BAB-4836-89FF-76994A3DA397} = {F2892F7D-49D2-0969-2635-C4CE9CCFB03E}
		{AB221288-2214-4A45-96EE-009D921F5F5B} = {F71EEB91-1E89-A998-3BB1-297A0232CE63}
		{9A39FED2-1541-498A-A801-F8F152D748B3} = {F71EEB91-1E89-A998-3BB1-297A0232CE63}
		{B115F24F-7253-438D-90F5-E6C7E25A044C} = {F71EEB91-1E89-A998-3BB1-297A0232CE63}
		{BC3E52F2-099A-4A62-9E39-E89BAAAD8BC7} = {F71EEB91-1E89-A998-3BB1-297A0232CE63}
		{53E882B8-7F39-4C00-9F41-DDB013DBDFA5} = {F71EEB91-1E89-A998-3BB1-297A0232CE63}
		{B1BBC141-63AF-1B9E-110E-2C0BA4104AB5} = {E67A9407-3F77-8E1E-44C0-D60C1E808A95}
		{93A1C8C7-2707-4437-AF17-FE0A266A86A8} = {B1BBC141-63AF-1B9E-110E-2C0BA4104AB5}
		{1FB1C2B0-39FD-4BE5-A0D0-09E6D60DA327} = {B1BBC141-63AF-1B9E-110E-2C0BA4104AB5}
		{FCB8E59C-7A2C-4255-9CA2-AA0EF3946ED4} = {B1BBC141-63AF-1B9E-110E-2C0BA4104AB5}
		{E48A5112-D5AF-449C-ADE8-0DCACF760DA0} = {B1BBC141-63AF-1B9E-110E-2C0BA4104AB5}
		{09B6E60D-CACE-4F48-9AD0-E5A218C4E7AA} = {B1BBC141-63AF-1B9E-110E-2C0BA4104AB5}
		{74823849-1511-22F7-07F7-94176703F1D0} = {E67A9407-3F77-8E1E-44C0-D60C1E808A95}
		{4DB07E82-9936-499E-B2AA-BA3DC0BBAEB2} = {74823849-1511-22F7-07F7-94176703F1D0}
		{74D64532-F970-48D2-84FF-ABAC27597021} = {74823849-1511-22F7-07F7-94176703F1D0}
		{0E021801-84E6-43D7-A018-4A055C7BB8AE} = {74823849-1511-22F7-07F7-94176703F1D0}
		{9C411282-34C0-4630-9B65-DD44F77029A0} = {74823849-1511-22F7-07F7-94176703F1D0}
		{4C254695-5B23-424B-AD89-C80FD7E863BD} = {74823849-1511-22F7-07F7-94176703F1D0}
	EndGlobalSection
EndGlobal
